// !$*UTF8*$!
{
	archiveVersion = 1;
	classes = {
	};
	objectVersion = 46;
	objects = {

/* Begin PBXBuildFile section */
		552C741814AE8EBB00595DE9 /* EditableTextCell.xib in Resources */ = {isa = PBXBuildFile; fileRef = 552C741714AE8EBB00595DE9 /* EditableTextCell.xib */; };
		552C741C14AE926600595DE9 /* EditableTextCell.m in Sources */ = {isa = PBXBuildFile; fileRef = 552C741B14AE926600595DE9 /* EditableTextCell.m */; };
		5562329F14AAF3680099765E /* Title.m in Sources */ = {isa = PBXBuildFile; fileRef = 5562329E14AAF3680099765E /* Title.m */; };
		558F6AEB14BE521600DD1965 /* NewEditionViewController.m in Sources */ = {isa = PBXBuildFile; fileRef = 558F6AE914BE521600DD1965 /* NewEditionViewController.m */; };
		558F6AF014BE526400DD1965 /* EditionDetailViewController.m in Sources */ = {isa = PBXBuildFile; fileRef = 558F6AEE14BE526400DD1965 /* EditionDetailViewController.m */; };
		558F6AF114BE526400DD1965 /* EditionDetailViewController.xib in Resources */ = {isa = PBXBuildFile; fileRef = 558F6AEF14BE526400DD1965 /* EditionDetailViewController.xib */; };
		558F6AF414BE54AD00DD1965 /* Edition.m in Sources */ = {isa = PBXBuildFile; fileRef = 558F6AF314BE54AD00DD1965 /* Edition.m */; };
		5591512F14BF5B2900F1C01E /* Publisher.m in Sources */ = {isa = PBXBuildFile; fileRef = 5591512E14BF5B2900F1C01E /* Publisher.m */; };
		5591513614BF5F2800F1C01E /* DLPoint.m in Sources */ = {isa = PBXBuildFile; fileRef = 5591513514BF5F2800F1C01E /* DLPoint.m */; };
		5591513914BF60C000F1C01E /* Book.m in Sources */ = {isa = PBXBuildFile; fileRef = 5591513814BF60C000F1C01E /* Book.m */; };
		55A99E9714A949FA00836F4E /* UIKit.framework in Frameworks */ = {isa = PBXBuildFile; fileRef = 55A99E9614A949FA00836F4E /* UIKit.framework */; };
		55A99E9914A949FA00836F4E /* Foundation.framework in Frameworks */ = {isa = PBXBuildFile; fileRef = 55A99E9814A949FA00836F4E /* Foundation.framework */; };
		55A99E9B14A949FA00836F4E /* CoreGraphics.framework in Frameworks */ = {isa = PBXBuildFile; fileRef = 55A99E9A14A949FA00836F4E /* CoreGraphics.framework */; };
		55A99E9D14A949FA00836F4E /* CoreData.framework in Frameworks */ = {isa = PBXBuildFile; fileRef = 55A99E9C14A949FA00836F4E /* CoreData.framework */; };
		55A99EA314A949FA00836F4E /* InfoPlist.strings in Resources */ = {isa = PBXBuildFile; fileRef = 55A99EA114A949FA00836F4E /* InfoPlist.strings */; };
		55A99EA514A949FA00836F4E /* main.m in Sources */ = {isa = PBXBuildFile; fileRef = 55A99EA414A949FA00836F4E /* main.m */; };
		55A99EA914A949FA00836F4E /* AppDelegate.m in Sources */ = {isa = PBXBuildFile; fileRef = 55A99EA814A949FA00836F4E /* AppDelegate.m */; };
		55A99EAC14A949FA00836F4E /* Titlz.xcdatamodeld in Sources */ = {isa = PBXBuildFile; fileRef = 55A99EAA14A949FA00836F4E /* Titlz.xcdatamodeld */; };
		55A99EAF14A949FA00836F4E /* TitleViewController.m in Sources */ = {isa = PBXBuildFile; fileRef = 55A99EAE14A949FA00836F4E /* TitleViewController.m */; };
		55A99EB214A949FA00836F4E /* TitleDetailViewController.m in Sources */ = {isa = PBXBuildFile; fileRef = 55A99EB114A949FA00836F4E /* TitleDetailViewController.m */; };
		55A99EB514A949FA00836F4E /* TitleViewController.xib in Resources */ = {isa = PBXBuildFile; fileRef = 55A99EB314A949FA00836F4E /* TitleViewController.xib */; };
		55A99EB814A949FA00836F4E /* TitleDetailViewController.xib in Resources */ = {isa = PBXBuildFile; fileRef = 55A99EB614A949FA00836F4E /* TitleDetailViewController.xib */; };
		55C6968C14B2D23B00DA4172 /* NewTitleViewController.m in Sources */ = {isa = PBXBuildFile; fileRef = 55C6968A14B2D23B00DA4172 /* NewTitleViewController.m */; };
		55D4A74C14B55BED00BAA15E /* PersonViewController.m in Sources */ = {isa = PBXBuildFile; fileRef = 55D4A74A14B55BED00BAA15E /* PersonViewController.m */; };
		55D4A74D14B55BED00BAA15E /* PersonViewController.xib in Resources */ = {isa = PBXBuildFile; fileRef = 55D4A74B14B55BED00BAA15E /* PersonViewController.xib */; };
		55D4A75014B55CE700BAA15E /* NewPersonViewController.m in Sources */ = {isa = PBXBuildFile; fileRef = 55D4A74F14B55CE700BAA15E /* NewPersonViewController.m */; };
		55EB3C3D14B0CC1300721D42 /* DLog.m in Sources */ = {isa = PBXBuildFile; fileRef = 55EB3C3C14B0CC1300721D42 /* DLog.m */; };
		55EB3C4214B13D1D00721D42 /* PersonDetailViewController.m in Sources */ = {isa = PBXBuildFile; fileRef = 55EB3C4014B13D1D00721D42 /* PersonDetailViewController.m */; };
		55EB3C4314B13D1D00721D42 /* PersonDetailViewController.xib in Resources */ = {isa = PBXBuildFile; fileRef = 55EB3C4114B13D1D00721D42 /* PersonDetailViewController.xib */; };
		55EB3C4614B13E5600721D42 /* Person.m in Sources */ = {isa = PBXBuildFile; fileRef = 55EB3C4514B13E5600721D42 /* Person.m */; };
/* End PBXBuildFile section */

/* Begin PBXFileReference section */
		552C741714AE8EBB00595DE9 /* EditableTextCell.xib */ = {isa = PBXFileReference; fileEncoding = 4; lastKnownFileType = file.xib; path = EditableTextCell.xib; sourceTree = "<group>"; };
		552C741A14AE926600595DE9 /* EditableTextCell.h */ = {isa = PBXFileReference; fileEncoding = 4; lastKnownFileType = sourcecode.c.h; path = EditableTextCell.h; sourceTree = "<group>"; };
		552C741B14AE926600595DE9 /* EditableTextCell.m */ = {isa = PBXFileReference; fileEncoding = 4; lastKnownFileType = sourcecode.c.objc; path = EditableTextCell.m; sourceTree = "<group>"; };
		5562329D14AAF3680099765E /* Title.h */ = {isa = PBXFileReference; fileEncoding = 4; lastKnownFileType = sourcecode.c.h; path = Title.h; sourceTree = "<group>"; };
		5562329E14AAF3680099765E /* Title.m */ = {isa = PBXFileReference; fileEncoding = 4; lastKnownFileType = sourcecode.c.objc; path = Title.m; sourceTree = "<group>"; };
		558F6AE814BE521600DD1965 /* NewEditionViewController.h */ = {isa = PBXFileReference; fileEncoding = 4; lastKnownFileType = sourcecode.c.h; path = NewEditionViewController.h; sourceTree = "<group>"; };
		558F6AE914BE521600DD1965 /* NewEditionViewController.m */ = {isa = PBXFileReference; fileEncoding = 4; lastKnownFileType = sourcecode.c.objc; path = NewEditionViewController.m; sourceTree = "<group>"; };
		558F6AED14BE526400DD1965 /* EditionDetailViewController.h */ = {isa = PBXFileReference; fileEncoding = 4; lastKnownFileType = sourcecode.c.h; path = EditionDetailViewController.h; sourceTree = "<group>"; };
		558F6AEE14BE526400DD1965 /* EditionDetailViewController.m */ = {isa = PBXFileReference; fileEncoding = 4; lastKnownFileType = sourcecode.c.objc; path = EditionDetailViewController.m; sourceTree = "<group>"; };
		558F6AEF14BE526400DD1965 /* EditionDetailViewController.xib */ = {isa = PBXFileReference; fileEncoding = 4; lastKnownFileType = file.xib; path = EditionDetailViewController.xib; sourceTree = "<group>"; };
		558F6AF214BE54AD00DD1965 /* Edition.h */ = {isa = PBXFileReference; fileEncoding = 4; lastKnownFileType = sourcecode.c.h; path = Edition.h; sourceTree = "<group>"; };
		558F6AF314BE54AD00DD1965 /* Edition.m */ = {isa = PBXFileReference; fileEncoding = 4; lastKnownFileType = sourcecode.c.objc; path = Edition.m; sourceTree = "<group>"; };
		5591512D14BF5B2900F1C01E /* Publisher.h */ = {isa = PBXFileReference; fileEncoding = 4; lastKnownFileType = sourcecode.c.h; path = Publisher.h; sourceTree = "<group>"; };
		5591512E14BF5B2900F1C01E /* Publisher.m */ = {isa = PBXFileReference; fileEncoding = 4; lastKnownFileType = sourcecode.c.objc; path = Publisher.m; sourceTree = "<group>"; };
		5591513414BF5F2800F1C01E /* DLPoint.h */ = {isa = PBXFileReference; fileEncoding = 4; lastKnownFileType = sourcecode.c.h; path = DLPoint.h; sourceTree = "<group>"; };
		5591513514BF5F2800F1C01E /* DLPoint.m */ = {isa = PBXFileReference; fileEncoding = 4; lastKnownFileType = sourcecode.c.objc; path = DLPoint.m; sourceTree = "<group>"; };
		5591513714BF60C000F1C01E /* Book.h */ = {isa = PBXFileReference; fileEncoding = 4; lastKnownFileType = sourcecode.c.h; path = Book.h; sourceTree = "<group>"; };
		5591513814BF60C000F1C01E /* Book.m */ = {isa = PBXFileReference; fileEncoding = 4; lastKnownFileType = sourcecode.c.objc; path = Book.m; sourceTree = "<group>"; };
		5591513A14BF9F6F00F1C01E /* Definitions.h */ = {isa = PBXFileReference; fileEncoding = 4; lastKnownFileType = sourcecode.c.h; path = Definitions.h; sourceTree = "<group>"; };
		55A99E9214A949FA00836F4E /* Titlz.app */ = {isa = PBXFileReference; explicitFileType = wrapper.application; includeInIndex = 0; path = Titlz.app; sourceTree = BUILT_PRODUCTS_DIR; };
		55A99E9614A949FA00836F4E /* UIKit.framework */ = {isa = PBXFileReference; lastKnownFileType = wrapper.framework; name = UIKit.framework; path = System/Library/Frameworks/UIKit.framework; sourceTree = SDKROOT; };
		55A99E9814A949FA00836F4E /* Foundation.framework */ = {isa = PBXFileReference; lastKnownFileType = wrapper.framework; name = Foundation.framework; path = System/Library/Frameworks/Foundation.framework; sourceTree = SDKROOT; };
		55A99E9A14A949FA00836F4E /* CoreGraphics.framework */ = {isa = PBXFileReference; lastKnownFileType = wrapper.framework; name = CoreGraphics.framework; path = System/Library/Frameworks/CoreGraphics.framework; sourceTree = SDKROOT; };
		55A99E9C14A949FA00836F4E /* CoreData.framework */ = {isa = PBXFileReference; lastKnownFileType = wrapper.framework; name = CoreData.framework; path = System/Library/Frameworks/CoreData.framework; sourceTree = SDKROOT; };
		55A99EA014A949FA00836F4E /* Titlz-Info.plist */ = {isa = PBXFileReference; lastKnownFileType = text.plist.xml; path = "Titlz-Info.plist"; sourceTree = "<group>"; };
		55A99EA214A949FA00836F4E /* en */ = {isa = PBXFileReference; lastKnownFileType = text.plist.strings; name = en; path = en.lproj/InfoPlist.strings; sourceTree = "<group>"; };
		55A99EA414A949FA00836F4E /* main.m */ = {isa = PBXFileReference; lastKnownFileType = sourcecode.c.objc; path = main.m; sourceTree = "<group>"; };
		55A99EA614A949FA00836F4E /* Titlz-Prefix.pch */ = {isa = PBXFileReference; lastKnownFileType = sourcecode.c.h; path = "Titlz-Prefix.pch"; sourceTree = "<group>"; };
		55A99EA714A949FA00836F4E /* AppDelegate.h */ = {isa = PBXFileReference; lastKnownFileType = sourcecode.c.h; path = AppDelegate.h; sourceTree = "<group>"; };
		55A99EA814A949FA00836F4E /* AppDelegate.m */ = {isa = PBXFileReference; lastKnownFileType = sourcecode.c.objc; path = AppDelegate.m; sourceTree = "<group>"; };
		55A99EAB14A949FA00836F4E /* Titlz.xcdatamodel */ = {isa = PBXFileReference; lastKnownFileType = wrapper.xcdatamodel; path = Titlz.xcdatamodel; sourceTree = "<group>"; };
		55A99EAD14A949FA00836F4E /* TitleViewController.h */ = {isa = PBXFileReference; lastKnownFileType = sourcecode.c.h; path = TitleViewController.h; sourceTree = "<group>"; };
		55A99EAE14A949FA00836F4E /* TitleViewController.m */ = {isa = PBXFileReference; lastKnownFileType = sourcecode.c.objc; path = TitleViewController.m; sourceTree = "<group>"; };
		55A99EB014A949FA00836F4E /* TitleDetailViewController.h */ = {isa = PBXFileReference; lastKnownFileType = sourcecode.c.h; path = TitleDetailViewController.h; sourceTree = "<group>"; };
		55A99EB114A949FA00836F4E /* TitleDetailViewController.m */ = {isa = PBXFileReference; lastKnownFileType = sourcecode.c.objc; path = TitleDetailViewController.m; sourceTree = "<group>"; };
		55A99EB414A949FA00836F4E /* en */ = {isa = PBXFileReference; lastKnownFileType = file.xib; name = en; path = en.lproj/TitleViewController.xib; sourceTree = "<group>"; };
		55A99EB714A949FA00836F4E /* en */ = {isa = PBXFileReference; lastKnownFileType = file.xib; name = en; path = en.lproj/TitleDetailViewController.xib; sourceTree = "<group>"; };
		55C6968914B2D23B00DA4172 /* NewTitleViewController.h */ = {isa = PBXFileReference; fileEncoding = 4; lastKnownFileType = sourcecode.c.h; path = NewTitleViewController.h; sourceTree = "<group>"; };
		55C6968A14B2D23B00DA4172 /* NewTitleViewController.m */ = {isa = PBXFileReference; fileEncoding = 4; lastKnownFileType = sourcecode.c.objc; path = NewTitleViewController.m; sourceTree = "<group>"; };
		55D4A74914B55BED00BAA15E /* PersonViewController.h */ = {isa = PBXFileReference; fileEncoding = 4; lastKnownFileType = sourcecode.c.h; path = PersonViewController.h; sourceTree = "<group>"; };
		55D4A74A14B55BED00BAA15E /* PersonViewController.m */ = {isa = PBXFileReference; fileEncoding = 4; lastKnownFileType = sourcecode.c.objc; path = PersonViewController.m; sourceTree = "<group>"; };
		55D4A74B14B55BED00BAA15E /* PersonViewController.xib */ = {isa = PBXFileReference; fileEncoding = 4; lastKnownFileType = file.xib; path = PersonViewController.xib; sourceTree = "<group>"; };
		55D4A74E14B55CE700BAA15E /* NewPersonViewController.h */ = {isa = PBXFileReference; fileEncoding = 4; lastKnownFileType = sourcecode.c.h; path = NewPersonViewController.h; sourceTree = "<group>"; };
		55D4A74F14B55CE700BAA15E /* NewPersonViewController.m */ = {isa = PBXFileReference; fileEncoding = 4; lastKnownFileType = sourcecode.c.objc; path = NewPersonViewController.m; sourceTree = "<group>"; };
		55EB3C3B14B0CC1300721D42 /* DLog.h */ = {isa = PBXFileReference; fileEncoding = 4; lastKnownFileType = sourcecode.c.h; path = DLog.h; sourceTree = "<group>"; };
		55EB3C3C14B0CC1300721D42 /* DLog.m */ = {isa = PBXFileReference; fileEncoding = 4; lastKnownFileType = sourcecode.c.objc; path = DLog.m; sourceTree = "<group>"; };
		55EB3C3F14B13D1D00721D42 /* PersonDetailViewController.h */ = {isa = PBXFileReference; fileEncoding = 4; lastKnownFileType = sourcecode.c.h; path = PersonDetailViewController.h; sourceTree = "<group>"; };
		55EB3C4014B13D1D00721D42 /* PersonDetailViewController.m */ = {isa = PBXFileReference; fileEncoding = 4; lastKnownFileType = sourcecode.c.objc; path = PersonDetailViewController.m; sourceTree = "<group>"; };
		55EB3C4114B13D1D00721D42 /* PersonDetailViewController.xib */ = {isa = PBXFileReference; fileEncoding = 4; lastKnownFileType = file.xib; path = PersonDetailViewController.xib; sourceTree = "<group>"; };
		55EB3C4414B13E5600721D42 /* Person.h */ = {isa = PBXFileReference; fileEncoding = 4; lastKnownFileType = sourcecode.c.h; path = Person.h; sourceTree = "<group>"; };
		55EB3C4514B13E5600721D42 /* Person.m */ = {isa = PBXFileReference; fileEncoding = 4; lastKnownFileType = sourcecode.c.objc; path = Person.m; sourceTree = "<group>"; };
/* End PBXFileReference section */

/* Begin PBXFrameworksBuildPhase section */
		55A99E8F14A949FA00836F4E /* Frameworks */ = {
			isa = PBXFrameworksBuildPhase;
			buildActionMask = 2147483647;
			files = (
				55A99E9714A949FA00836F4E /* UIKit.framework in Frameworks */,
				55A99E9914A949FA00836F4E /* Foundation.framework in Frameworks */,
				55A99E9B14A949FA00836F4E /* CoreGraphics.framework in Frameworks */,
				55A99E9D14A949FA00836F4E /* CoreData.framework in Frameworks */,
			);
			runOnlyForDeploymentPostprocessing = 0;
		};
/* End PBXFrameworksBuildPhase section */

/* Begin PBXGroup section */
		5562329C14AAF1FA0099765E /* Entities */ = {
			isa = PBXGroup;
			children = (
				5591513714BF60C000F1C01E /* Book.h */,
				5591513814BF60C000F1C01E /* Book.m */,
				5591513414BF5F2800F1C01E /* DLPoint.h */,
				5591513514BF5F2800F1C01E /* DLPoint.m */,
				5562329D14AAF3680099765E /* Title.h */,
				5562329E14AAF3680099765E /* Title.m */,
				558F6AF214BE54AD00DD1965 /* Edition.h */,
				558F6AF314BE54AD00DD1965 /* Edition.m */,
				55EB3C4414B13E5600721D42 /* Person.h */,
				55EB3C4514B13E5600721D42 /* Person.m */,
				5591512D14BF5B2900F1C01E /* Publisher.h */,
				5591512E14BF5B2900F1C01E /* Publisher.m */,
			);
			name = Entities;
			sourceTree = "<group>";
		};
		558F6AE614BE51CE00DD1965 /* Edition */ = {
			isa = PBXGroup;
			children = (
				558F6AED14BE526400DD1965 /* EditionDetailViewController.h */,
				558F6AEE14BE526400DD1965 /* EditionDetailViewController.m */,
				558F6AE814BE521600DD1965 /* NewEditionViewController.h */,
				558F6AE914BE521600DD1965 /* NewEditionViewController.m */,
			);
			name = Edition;
			sourceTree = "<group>";
		};
		55A99E8714A949FA00836F4E = {
			isa = PBXGroup;
			children = (
				55A99E9E14A949FA00836F4E /* Titlz */,
				55A99E9514A949FA00836F4E /* Frameworks */,
				55A99E9314A949FA00836F4E /* Products */,
			);
			sourceTree = "<group>";
		};
		55A99E9314A949FA00836F4E /* Products */ = {
			isa = PBXGroup;
			children = (
				55A99E9214A949FA00836F4E /* Titlz.app */,
			);
			name = Products;
			sourceTree = "<group>";
		};
		55A99E9514A949FA00836F4E /* Frameworks */ = {
			isa = PBXGroup;
			children = (
				55A99E9614A949FA00836F4E /* UIKit.framework */,
				55A99E9814A949FA00836F4E /* Foundation.framework */,
				55A99E9A14A949FA00836F4E /* CoreGraphics.framework */,
				55A99E9C14A949FA00836F4E /* CoreData.framework */,
			);
			name = Frameworks;
			sourceTree = "<group>";
		};
		55A99E9E14A949FA00836F4E /* Titlz */ = {
			isa = PBXGroup;
			children = (
				55A99EC014A94A6C00836F4E /* Model */,
				5562329C14AAF1FA0099765E /* Entities */,
				55A99EBE14A94A3A00836F4E /* Classes */,
				55A99EBF14A94A4900836F4E /* Views */,
				55A99E9F14A949FA00836F4E /* Supporting Files */,
			);
			path = Titlz;
			sourceTree = "<group>";
		};
		55A99E9F14A949FA00836F4E /* Supporting Files */ = {
			isa = PBXGroup;
			children = (
				55A99EA014A949FA00836F4E /* Titlz-Info.plist */,
				55A99EA114A949FA00836F4E /* InfoPlist.strings */,
				55A99EA414A949FA00836F4E /* main.m */,
				55A99EA614A949FA00836F4E /* Titlz-Prefix.pch */,
			);
			name = "Supporting Files";
			sourceTree = "<group>";
		};
		55A99EBE14A94A3A00836F4E /* Classes */ = {
			isa = PBXGroup;
			children = (
				55C6968F14B2D25F00DA4172 /* Title */,
				558F6AE614BE51CE00DD1965 /* Edition */,
				55D4A74814B51C2700BAA15E /* Person */,
				55EB3C3B14B0CC1300721D42 /* DLog.h */,
				55EB3C3C14B0CC1300721D42 /* DLog.m */,
				5591513A14BF9F6F00F1C01E /* Definitions.h */,
				55A99EA714A949FA00836F4E /* AppDelegate.h */,
				55A99EA814A949FA00836F4E /* AppDelegate.m */,
				552C741A14AE926600595DE9 /* EditableTextCell.h */,
				552C741B14AE926600595DE9 /* EditableTextCell.m */,
			);
			name = Classes;
			sourceTree = "<group>";
		};
		55A99EBF14A94A4900836F4E /* Views */ = {
			isa = PBXGroup;
			children = (
				55A99EB314A949FA00836F4E /* TitleViewController.xib */,
				55A99EB614A949FA00836F4E /* TitleDetailViewController.xib */,
				558F6AEF14BE526400DD1965 /* EditionDetailViewController.xib */,
				55D4A74B14B55BED00BAA15E /* PersonViewController.xib */,
				55EB3C4114B13D1D00721D42 /* PersonDetailViewController.xib */,
				552C741714AE8EBB00595DE9 /* EditableTextCell.xib */,
			);
			name = Views;
			sourceTree = "<group>";
		};
		55A99EC014A94A6C00836F4E /* Model */ = {
			isa = PBXGroup;
			children = (
				55A99EAA14A949FA00836F4E /* Titlz.xcdatamodeld */,
			);
			name = Model;
			sourceTree = "<group>";
		};
		55C6968F14B2D25F00DA4172 /* Title */ = {
			isa = PBXGroup;
			children = (
				55A99EAD14A949FA00836F4E /* TitleViewController.h */,
				55A99EAE14A949FA00836F4E /* TitleViewController.m */,
				55A99EB014A949FA00836F4E /* TitleDetailViewController.h */,
				55A99EB114A949FA00836F4E /* TitleDetailViewController.m */,
				55C6968914B2D23B00DA4172 /* NewTitleViewController.h */,
				55C6968A14B2D23B00DA4172 /* NewTitleViewController.m */,
			);
			name = Title;
			sourceTree = "<group>";
		};
		55D4A74814B51C2700BAA15E /* Person */ = {
			isa = PBXGroup;
			children = (
				55D4A74914B55BED00BAA15E /* PersonViewController.h */,
				55D4A74A14B55BED00BAA15E /* PersonViewController.m */,
				55EB3C3F14B13D1D00721D42 /* PersonDetailViewController.h */,
				55EB3C4014B13D1D00721D42 /* PersonDetailViewController.m */,
				55D4A74E14B55CE700BAA15E /* NewPersonViewController.h */,
				55D4A74F14B55CE700BAA15E /* NewPersonViewController.m */,
			);
			name = Person;
			sourceTree = "<group>";
		};
/* End PBXGroup section */

/* Begin PBXNativeTarget section */
		55A99E9114A949FA00836F4E /* Titlz */ = {
			isa = PBXNativeTarget;
			buildConfigurationList = 55A99EBB14A949FA00836F4E /* Build configuration list for PBXNativeTarget "Titlz" */;
			buildPhases = (
				55A99E8E14A949FA00836F4E /* Sources */,
				55A99E8F14A949FA00836F4E /* Frameworks */,
				55A99E9014A949FA00836F4E /* Resources */,
			);
			buildRules = (
			);
			dependencies = (
			);
			name = Titlz;
			productName = Titlz;
			productReference = 55A99E9214A949FA00836F4E /* Titlz.app */;
			productType = "com.apple.product-type.application";
		};
/* End PBXNativeTarget section */

/* Begin PBXProject section */
		55A99E8914A949FA00836F4E /* Project object */ = {
			isa = PBXProject;
			attributes = {
				LastUpgradeCheck = 0420;
				ORGANIZATIONNAME = "Dagger Lake Software";
			};
			buildConfigurationList = 55A99E8C14A949FA00836F4E /* Build configuration list for PBXProject "Titlz" */;
			compatibilityVersion = "Xcode 3.2";
			developmentRegion = English;
			hasScannedForEncodings = 0;
			knownRegions = (
				en,
			);
			mainGroup = 55A99E8714A949FA00836F4E;
			productRefGroup = 55A99E9314A949FA00836F4E /* Products */;
			projectDirPath = "";
			projectRoot = "";
			targets = (
				55A99E9114A949FA00836F4E /* Titlz */,
			);
		};
/* End PBXProject section */

/* Begin PBXResourcesBuildPhase section */
		55A99E9014A949FA00836F4E /* Resources */ = {
			isa = PBXResourcesBuildPhase;
			buildActionMask = 2147483647;
			files = (
				55A99EA314A949FA00836F4E /* InfoPlist.strings in Resources */,
				55A99EB514A949FA00836F4E /* TitleViewController.xib in Resources */,
				55A99EB814A949FA00836F4E /* TitleDetailViewController.xib in Resources */,
				552C741814AE8EBB00595DE9 /* EditableTextCell.xib in Resources */,
				55EB3C4314B13D1D00721D42 /* PersonDetailViewController.xib in Resources */,
				55D4A74D14B55BED00BAA15E /* PersonViewController.xib in Resources */,
				558F6AF114BE526400DD1965 /* EditionDetailViewController.xib in Resources */,
			);
			runOnlyForDeploymentPostprocessing = 0;
		};
/* End PBXResourcesBuildPhase section */

/* Begin PBXSourcesBuildPhase section */
		55A99E8E14A949FA00836F4E /* Sources */ = {
			isa = PBXSourcesBuildPhase;
			buildActionMask = 2147483647;
			files = (
				55A99EA514A949FA00836F4E /* main.m in Sources */,
				55A99EA914A949FA00836F4E /* AppDelegate.m in Sources */,
				55A99EAC14A949FA00836F4E /* Titlz.xcdatamodeld in Sources */,
				55A99EAF14A949FA00836F4E /* TitleViewController.m in Sources */,
				55A99EB214A949FA00836F4E /* TitleDetailViewController.m in Sources */,
				5562329F14AAF3680099765E /* Title.m in Sources */,
				552C741C14AE926600595DE9 /* EditableTextCell.m in Sources */,
				55EB3C3D14B0CC1300721D42 /* DLog.m in Sources */,
				55EB3C4214B13D1D00721D42 /* PersonDetailViewController.m in Sources */,
				55EB3C4614B13E5600721D42 /* Person.m in Sources */,
				55C6968C14B2D23B00DA4172 /* NewTitleViewController.m in Sources */,
				55D4A74C14B55BED00BAA15E /* PersonViewController.m in Sources */,
				55D4A75014B55CE700BAA15E /* NewPersonViewController.m in Sources */,
				558F6AEB14BE521600DD1965 /* NewEditionViewController.m in Sources */,
				558F6AF014BE526400DD1965 /* EditionDetailViewController.m in Sources */,
				558F6AF414BE54AD00DD1965 /* Edition.m in Sources */,
				5591512F14BF5B2900F1C01E /* Publisher.m in Sources */,
				5591513614BF5F2800F1C01E /* DLPoint.m in Sources */,
				5591513914BF60C000F1C01E /* Book.m in Sources */,
			);
			runOnlyForDeploymentPostprocessing = 0;
		};
/* End PBXSourcesBuildPhase section */

/* Begin PBXVariantGroup section */
		55A99EA114A949FA00836F4E /* InfoPlist.strings */ = {
			isa = PBXVariantGroup;
			children = (
				55A99EA214A949FA00836F4E /* en */,
			);
			name = InfoPlist.strings;
			sourceTree = "<group>";
		};
		55A99EB314A949FA00836F4E /* TitleViewController.xib */ = {
			isa = PBXVariantGroup;
			children = (
				55A99EB414A949FA00836F4E /* en */,
			);
			name = TitleViewController.xib;
			sourceTree = "<group>";
		};
		55A99EB614A949FA00836F4E /* TitleDetailViewController.xib */ = {
			isa = PBXVariantGroup;
			children = (
				55A99EB714A949FA00836F4E /* en */,
			);
			name = TitleDetailViewController.xib;
			sourceTree = "<group>";
		};
/* End PBXVariantGroup section */

/* Begin XCBuildConfiguration section */
		55A99EB914A949FA00836F4E /* Debug */ = {
			isa = XCBuildConfiguration;
			buildSettings = {
				ALWAYS_SEARCH_USER_PATHS = NO;
				ARCHS = "$(ARCHS_STANDARD_32_BIT)";
				CLANG_ENABLE_OBJC_ARC = YES;
				"CODE_SIGN_IDENTITY[sdk=iphoneos*]" = "iPhone Developer";
				COPY_PHASE_STRIP = NO;
				GCC_C_LANGUAGE_STANDARD = gnu99;
				GCC_DYNAMIC_NO_PIC = NO;
				GCC_OPTIMIZATION_LEVEL = 0;
				GCC_PREPROCESSOR_DEFINITIONS = (
					"DEBUG=1",
					"$(inherited)",
				);
				"GCC_PREPROCESSOR_DEFINITIONS[sdk=iphonesimulator*][arch=*]" = "DLDEBUG=1";
				GCC_SYMBOLS_PRIVATE_EXTERN = NO;
				GCC_VERSION = com.apple.compilers.llvm.clang.1_0;
				GCC_WARN_ABOUT_MISSING_PROTOTYPES = YES;
				GCC_WARN_ABOUT_RETURN_TYPE = YES;
				GCC_WARN_UNUSED_VARIABLE = YES;
				IPHONEOS_DEPLOYMENT_TARGET = 5.0;
				SDKROOT = iphoneos;
			};
			name = Debug;
		};
		55A99EBA14A949FA00836F4E /* Release */ = {
			isa = XCBuildConfiguration;
			buildSettings = {
				ALWAYS_SEARCH_USER_PATHS = NO;
				ARCHS = "$(ARCHS_STANDARD_32_BIT)";
				CLANG_ENABLE_OBJC_ARC = YES;
				"CODE_SIGN_IDENTITY[sdk=iphoneos*]" = "iPhone Developer";
				COPY_PHASE_STRIP = YES;
				GCC_C_LANGUAGE_STANDARD = gnu99;
				GCC_VERSION = com.apple.compilers.llvm.clang.1_0;
				GCC_WARN_ABOUT_MISSING_PROTOTYPES = YES;
				GCC_WARN_ABOUT_RETURN_TYPE = YES;
				GCC_WARN_UNUSED_VARIABLE = YES;
				IPHONEOS_DEPLOYMENT_TARGET = 5.0;
				OTHER_CFLAGS = "-DNS_BLOCK_ASSERTIONS=1";
				SDKROOT = iphoneos;
				VALIDATE_PRODUCT = YES;
			};
			name = Release;
		};
		55A99EBC14A949FA00836F4E /* Debug */ = {
			isa = XCBuildConfiguration;
			buildSettings = {
				GCC_PRECOMPILE_PREFIX_HEADER = YES;
				GCC_PREFIX_HEADER = "Titlz/Titlz-Prefix.pch";
				INFOPLIST_FILE = "Titlz/Titlz-Info.plist";
				PRODUCT_NAME = "$(TARGET_NAME)";
				WRAPPER_EXTENSION = app;
			};
			name = Debug;
		};
		55A99EBD14A949FA00836F4E /* Release */ = {
			isa = XCBuildConfiguration;
			buildSettings = {
				GCC_PRECOMPILE_PREFIX_HEADER = YES;
				GCC_PREFIX_HEADER = "Titlz/Titlz-Prefix.pch";
				INFOPLIST_FILE = "Titlz/Titlz-Info.plist";
				PRODUCT_NAME = "$(TARGET_NAME)";
				WRAPPER_EXTENSION = app;
			};
			name = Release;
		};
/* End XCBuildConfiguration section */

/* Begin XCConfigurationList section */
		55A99E8C14A949FA00836F4E /* Build configuration list for PBXProject "Titlz" */ = {
			isa = XCConfigurationList;
			buildConfigurations = (
				55A99EB914A949FA00836F4E /* Debug */,
				55A99EBA14A949FA00836F4E /* Release */,
			);
			defaultConfigurationIsVisible = 0;
			defaultConfigurationName = Release;
		};
		55A99EBB14A949FA00836F4E /* Build configuration list for PBXNativeTarget "Titlz" */ = {
			isa = XCConfigurationList;
			buildConfigurations = (
				55A99EBC14A949FA00836F4E /* Debug */,
				55A99EBD14A949FA00836F4E /* Release */,
			);
			defaultConfigurationIsVisible = 0;
			defaultConfigurationName = Release;
		};
/* End XCConfigurationList section */

/* Begin XCVersionGroup section */
		55A99EAA14A949FA00836F4E /* Titlz.xcdatamodeld */ = {
			isa = XCVersionGroup;
			children = (
				55A99EAB14A949FA00836F4E /* Titlz.xcdatamodel */,
			);
			currentVersion = 55A99EAB14A949FA00836F4E /* Titlz.xcdatamodel */;
			path = Titlz.xcdatamodeld;
			sourceTree = "<group>";
			versionGroupType = wrapper.xcdatamodel;
		};
/* End XCVersionGroup section */
	};
	rootObject = 55A99E8914A949FA00836F4E /* Project object */;
}
