// !$*UTF8*$!
{
	archiveVersion = 1;
	classes = {
	};
	objectVersion = 46;
	objects = {

/* Begin PBXBuildFile section */
		5508606014C91CF40051DEA2 /* PointDetailViewController.m in Sources */ = {isa = PBXBuildFile; fileRef = 5508605E14C91CF40051DEA2 /* PointDetailViewController.m */; };
		5508606114C91CF40051DEA2 /* PointDetailViewController.xib in Resources */ = {isa = PBXBuildFile; fileRef = 5508605F14C91CF40051DEA2 /* PointDetailViewController.xib */; };
		5508606414C91D4B0051DEA2 /* NewPointViewController.m in Sources */ = {isa = PBXBuildFile; fileRef = 5508606314C91D4B0051DEA2 /* NewPointViewController.m */; };
		550B680E14D0D9F90080115C /* BookCover-leather-large.jpg in Resources */ = {isa = PBXBuildFile; fileRef = 550B680D14D0D9F90080115C /* BookCover-leather-large.jpg */; };
		552C741814AE8EBB00595DE9 /* EditableTextCell.xib in Resources */ = {isa = PBXBuildFile; fileRef = 552C741714AE8EBB00595DE9 /* EditableTextCell.xib */; };
		552C741C14AE926600595DE9 /* EditableTextCell.m in Sources */ = {isa = PBXBuildFile; fileRef = 552C741B14AE926600595DE9 /* EditableTextCell.m */; };
		5548F42A14C9F800004C8BA8 /* ContextUtil.m in Sources */ = {isa = PBXBuildFile; fileRef = 5548F42914C9F800004C8BA8 /* ContextUtil.m */; };
		556E593914C8A898000C4CBC /* Award.m in Sources */ = {isa = PBXBuildFile; fileRef = 556E593814C8A898000C4CBC /* Award.m */; };
		556E594314C8A953000C4CBC /* AwardDetailViewController.m in Sources */ = {isa = PBXBuildFile; fileRef = 556E594114C8A953000C4CBC /* AwardDetailViewController.m */; };
		556E594414C8A953000C4CBC /* AwardDetailViewController.xib in Resources */ = {isa = PBXBuildFile; fileRef = 556E594214C8A953000C4CBC /* AwardDetailViewController.xib */; };
		556E594714C8A974000C4CBC /* NewAwardViewController.m in Sources */ = {isa = PBXBuildFile; fileRef = 556E594614C8A974000C4CBC /* NewAwardViewController.m */; };
		557B7B0114CCE78A0057FE42 /* DAlertView.m in Sources */ = {isa = PBXBuildFile; fileRef = 557B7B0014CCE78A0057FE42 /* DAlertView.m */; };
		5588721E14D4B6A300F59F87 /* edit-image-overlay.png in Resources */ = {isa = PBXBuildFile; fileRef = 5588721D14D4B6A300F59F87 /* edit-image-overlay.png */; };
		5588722114D4B7A900F59F87 /* blank-image-overlay.png in Resources */ = {isa = PBXBuildFile; fileRef = 5588722014D4B7A900F59F87 /* blank-image-overlay.png */; };
		5591513614BF5F2800F1C01E /* DLPoint.m in Sources */ = {isa = PBXBuildFile; fileRef = 5591513514BF5F2800F1C01E /* DLPoint.m */; };
		559E461814CF584D0055D52C /* Photo.m in Sources */ = {isa = PBXBuildFile; fileRef = 559E461714CF584D0055D52C /* Photo.m */; };
		559E461C14CF58D40055D52C /* ImageToDataTransformer.m in Sources */ = {isa = PBXBuildFile; fileRef = 559E461B14CF58D40055D52C /* ImageToDataTransformer.m */; };
		559E461F14CF7B8F0055D52C /* EditableImageAndTextCell.m in Sources */ = {isa = PBXBuildFile; fileRef = 559E461E14CF7B8F0055D52C /* EditableImageAndTextCell.m */; };
		559E462114CF7BB70055D52C /* EditableImageAndTextCell.xib in Resources */ = {isa = PBXBuildFile; fileRef = 559E462014CF7BB70055D52C /* EditableImageAndTextCell.xib */; };
		55A99E9714A949FA00836F4E /* UIKit.framework in Frameworks */ = {isa = PBXBuildFile; fileRef = 55A99E9614A949FA00836F4E /* UIKit.framework */; };
		55A99E9914A949FA00836F4E /* Foundation.framework in Frameworks */ = {isa = PBXBuildFile; fileRef = 55A99E9814A949FA00836F4E /* Foundation.framework */; };
		55A99E9B14A949FA00836F4E /* CoreGraphics.framework in Frameworks */ = {isa = PBXBuildFile; fileRef = 55A99E9A14A949FA00836F4E /* CoreGraphics.framework */; };
		55A99E9D14A949FA00836F4E /* CoreData.framework in Frameworks */ = {isa = PBXBuildFile; fileRef = 55A99E9C14A949FA00836F4E /* CoreData.framework */; };
		55A99EA314A949FA00836F4E /* InfoPlist.strings in Resources */ = {isa = PBXBuildFile; fileRef = 55A99EA114A949FA00836F4E /* InfoPlist.strings */; };
		55A99EA514A949FA00836F4E /* main.m in Sources */ = {isa = PBXBuildFile; fileRef = 55A99EA414A949FA00836F4E /* main.m */; };
		55A99EA914A949FA00836F4E /* AppDelegate.m in Sources */ = {isa = PBXBuildFile; fileRef = 55A99EA814A949FA00836F4E /* AppDelegate.m */; };
		55A99EAC14A949FA00836F4E /* Titlz.xcdatamodeld in Sources */ = {isa = PBXBuildFile; fileRef = 55A99EAA14A949FA00836F4E /* Titlz.xcdatamodeld */; };
		55B5C4C614C73F8B0022B33D /* LookupViewController.m in Sources */ = {isa = PBXBuildFile; fileRef = 55B5C4C414C73F8B0022B33D /* LookupViewController.m */; };
		55B5C4C714C73F8B0022B33D /* LookupViewController.xib in Resources */ = {isa = PBXBuildFile; fileRef = 55B5C4C514C73F8B0022B33D /* LookupViewController.xib */; };
		55B5C4CA14C745740022B33D /* Lookup.m in Sources */ = {isa = PBXBuildFile; fileRef = 55B5C4C914C745740022B33D /* Lookup.m */; };
		55B5C4CD14C749890022B33D /* NewLookupViewController.m in Sources */ = {isa = PBXBuildFile; fileRef = 55B5C4CC14C749890022B33D /* NewLookupViewController.m */; };
		55B5C4D214C797DE0022B33D /* SellerViewController.m in Sources */ = {isa = PBXBuildFile; fileRef = 55B5C4D014C797DE0022B33D /* SellerViewController.m */; };
		55B5C4D314C797DE0022B33D /* SellerViewController.xib in Resources */ = {isa = PBXBuildFile; fileRef = 55B5C4D114C797DE0022B33D /* SellerViewController.xib */; };
		55B5C4D714C798960022B33D /* SellerDetailViewController.m in Sources */ = {isa = PBXBuildFile; fileRef = 55B5C4D514C798960022B33D /* SellerDetailViewController.m */; };
		55B5C4D814C798960022B33D /* SellerDetailViewController.xib in Resources */ = {isa = PBXBuildFile; fileRef = 55B5C4D614C798960022B33D /* SellerDetailViewController.xib */; };
		55B5C4DB14C798B70022B33D /* NewSellerViewController.m in Sources */ = {isa = PBXBuildFile; fileRef = 55B5C4DA14C798B70022B33D /* NewSellerViewController.m */; };
		55B5C4DE14C799BF0022B33D /* Seller.m in Sources */ = {isa = PBXBuildFile; fileRef = 55B5C4DD14C799BF0022B33D /* Seller.m */; };
		55C123E514C0AB1700827F61 /* PublisherViewController.m in Sources */ = {isa = PBXBuildFile; fileRef = 55C123E314C0AB1700827F61 /* PublisherViewController.m */; };
		55C123E614C0AB1700827F61 /* PublisherViewController.xib in Resources */ = {isa = PBXBuildFile; fileRef = 55C123E414C0AB1700827F61 /* PublisherViewController.xib */; };
		55C123EA14C0B29D00827F61 /* PublisherDetailViewController.m in Sources */ = {isa = PBXBuildFile; fileRef = 55C123E814C0B29D00827F61 /* PublisherDetailViewController.m */; };
		55C123EB14C0B29D00827F61 /* PublisherDetailViewController.xib in Resources */ = {isa = PBXBuildFile; fileRef = 55C123E914C0B29D00827F61 /* PublisherDetailViewController.xib */; };
		55C123EE14C0B2DD00827F61 /* NewPublisherViewController.m in Sources */ = {isa = PBXBuildFile; fileRef = 55C123ED14C0B2DD00827F61 /* NewPublisherViewController.m */; };
		55CF1BB414D70846008D5765 /* book.png in Resources */ = {isa = PBXBuildFile; fileRef = 55CF1BAE14D70846008D5765 /* book.png */; };
		55CF1BB514D70846008D5765 /* book@2x.png in Resources */ = {isa = PBXBuildFile; fileRef = 55CF1BAF14D70846008D5765 /* book@2x.png */; };
		55CF1BB614D70846008D5765 /* collection.png in Resources */ = {isa = PBXBuildFile; fileRef = 55CF1BB014D70846008D5765 /* collection.png */; };
		55CF1BB714D70846008D5765 /* collection@2x.png in Resources */ = {isa = PBXBuildFile; fileRef = 55CF1BB114D70846008D5765 /* collection@2x.png */; };
		55CF1BB814D70846008D5765 /* user.png in Resources */ = {isa = PBXBuildFile; fileRef = 55CF1BB214D70846008D5765 /* user.png */; };
		55CF1BB914D70846008D5765 /* user@2x.png in Resources */ = {isa = PBXBuildFile; fileRef = 55CF1BB314D70846008D5765 /* user@2x.png */; };
		55CF1BBF14D7133C008D5765 /* CollectionViewController.m in Sources */ = {isa = PBXBuildFile; fileRef = 55CF1BBD14D7133C008D5765 /* CollectionViewController.m */; };
		55CF1BC014D7133C008D5765 /* CollectionViewController.xib in Resources */ = {isa = PBXBuildFile; fileRef = 55CF1BBE14D7133C008D5765 /* CollectionViewController.xib */; };
		55CF1BC414D71435008D5765 /* CollectionDetailViewController.m in Sources */ = {isa = PBXBuildFile; fileRef = 55CF1BC214D71435008D5765 /* CollectionDetailViewController.m */; };
		55CF1BC514D71435008D5765 /* CollectionDetailViewController.xib in Resources */ = {isa = PBXBuildFile; fileRef = 55CF1BC314D71435008D5765 /* CollectionDetailViewController.xib */; };
		55CF1BC814D7146D008D5765 /* NewCollectionViewController.m in Sources */ = {isa = PBXBuildFile; fileRef = 55CF1BC714D7146D008D5765 /* NewCollectionViewController.m */; };
		55CF1BCB14D715DA008D5765 /* Collection.m in Sources */ = {isa = PBXBuildFile; fileRef = 55CF1BCA14D715DA008D5765 /* Collection.m */; };
		55D4A74C14B55BED00BAA15E /* PersonViewController.m in Sources */ = {isa = PBXBuildFile; fileRef = 55D4A74A14B55BED00BAA15E /* PersonViewController.m */; };
		55D4A74D14B55BED00BAA15E /* PersonViewController.xib in Resources */ = {isa = PBXBuildFile; fileRef = 55D4A74B14B55BED00BAA15E /* PersonViewController.xib */; };
		55D4A75014B55CE700BAA15E /* NewPersonViewController.m in Sources */ = {isa = PBXBuildFile; fileRef = 55D4A74F14B55CE700BAA15E /* NewPersonViewController.m */; };
		55EB3C3D14B0CC1300721D42 /* DLog.m in Sources */ = {isa = PBXBuildFile; fileRef = 55EB3C3C14B0CC1300721D42 /* DLog.m */; };
		55EB3C4214B13D1D00721D42 /* PersonDetailViewController.m in Sources */ = {isa = PBXBuildFile; fileRef = 55EB3C4014B13D1D00721D42 /* PersonDetailViewController.m */; };
		55EB3C4314B13D1D00721D42 /* PersonDetailViewController.xib in Resources */ = {isa = PBXBuildFile; fileRef = 55EB3C4114B13D1D00721D42 /* PersonDetailViewController.xib */; };
		55EB3C4614B13E5600721D42 /* Person.m in Sources */ = {isa = PBXBuildFile; fileRef = 55EB3C4514B13E5600721D42 /* Person.m */; };
		55EDF6E714C4ABF600C4BCE5 /* BookDetailViewController.xib in Resources */ = {isa = PBXBuildFile; fileRef = 55EDF6E314C4ABF600C4BCE5 /* BookDetailViewController.xib */; };
		55EDF6E814C4ABF600C4BCE5 /* BookViewController.xib in Resources */ = {isa = PBXBuildFile; fileRef = 55EDF6E514C4ABF600C4BCE5 /* BookViewController.xib */; };
		55EDF6EF14C4AC1000C4BCE5 /* BookDetailViewController.m in Sources */ = {isa = PBXBuildFile; fileRef = 55EDF6EA14C4AC1000C4BCE5 /* BookDetailViewController.m */; };
		55EDF6F014C4AC1000C4BCE5 /* BookViewController.m in Sources */ = {isa = PBXBuildFile; fileRef = 55EDF6EC14C4AC1000C4BCE5 /* BookViewController.m */; };
		55EDF6F114C4AC1000C4BCE5 /* NewBookViewController.m in Sources */ = {isa = PBXBuildFile; fileRef = 55EDF6EE14C4AC1000C4BCE5 /* NewBookViewController.m */; };
		55EDF6FA14C4B00B00C4BCE5 /* Book.m in Sources */ = {isa = PBXBuildFile; fileRef = 55EDF6F914C4B00B00C4BCE5 /* Book.m */; };
		55EDF6FD14C4B1F100C4BCE5 /* Publisher.m in Sources */ = {isa = PBXBuildFile; fileRef = 55EDF6FC14C4B1F100C4BCE5 /* Publisher.m */; };
		55EED62E14D2174F00AFA726 /* AlphaIndexFetchedResultsController.m in Sources */ = {isa = PBXBuildFile; fileRef = 55EED62D14D2174F00AFA726 /* AlphaIndexFetchedResultsController.m */; };
/* End PBXBuildFile section */

/* Begin PBXFileReference section */
		5508605D14C91CF40051DEA2 /* PointDetailViewController.h */ = {isa = PBXFileReference; fileEncoding = 4; lastKnownFileType = sourcecode.c.h; path = PointDetailViewController.h; sourceTree = "<group>"; };
		5508605E14C91CF40051DEA2 /* PointDetailViewController.m */ = {isa = PBXFileReference; fileEncoding = 4; lastKnownFileType = sourcecode.c.objc; path = PointDetailViewController.m; sourceTree = "<group>"; };
		5508605F14C91CF40051DEA2 /* PointDetailViewController.xib */ = {isa = PBXFileReference; fileEncoding = 4; lastKnownFileType = file.xib; path = PointDetailViewController.xib; sourceTree = "<group>"; };
		5508606214C91D4B0051DEA2 /* NewPointViewController.h */ = {isa = PBXFileReference; fileEncoding = 4; lastKnownFileType = sourcecode.c.h; path = NewPointViewController.h; sourceTree = "<group>"; };
		5508606314C91D4B0051DEA2 /* NewPointViewController.m */ = {isa = PBXFileReference; fileEncoding = 4; lastKnownFileType = sourcecode.c.objc; path = NewPointViewController.m; sourceTree = "<group>"; };
		550B680D14D0D9F90080115C /* BookCover-leather-large.jpg */ = {isa = PBXFileReference; lastKnownFileType = image.jpeg; path = "BookCover-leather-large.jpg"; sourceTree = "<group>"; };
		552C741714AE8EBB00595DE9 /* EditableTextCell.xib */ = {isa = PBXFileReference; fileEncoding = 4; lastKnownFileType = file.xib; path = EditableTextCell.xib; sourceTree = "<group>"; };
		552C741A14AE926600595DE9 /* EditableTextCell.h */ = {isa = PBXFileReference; fileEncoding = 4; lastKnownFileType = sourcecode.c.h; path = EditableTextCell.h; sourceTree = "<group>"; };
		552C741B14AE926600595DE9 /* EditableTextCell.m */ = {isa = PBXFileReference; fileEncoding = 4; lastKnownFileType = sourcecode.c.objc; path = EditableTextCell.m; sourceTree = "<group>"; };
		5548F42814C9F800004C8BA8 /* ContextUtil.h */ = {isa = PBXFileReference; fileEncoding = 4; lastKnownFileType = sourcecode.c.h; path = ContextUtil.h; sourceTree = "<group>"; };
		5548F42914C9F800004C8BA8 /* ContextUtil.m */ = {isa = PBXFileReference; fileEncoding = 4; lastKnownFileType = sourcecode.c.objc; path = ContextUtil.m; sourceTree = "<group>"; };
		556E593714C8A898000C4CBC /* Award.h */ = {isa = PBXFileReference; fileEncoding = 4; lastKnownFileType = sourcecode.c.h; path = Award.h; sourceTree = "<group>"; };
		556E593814C8A898000C4CBC /* Award.m */ = {isa = PBXFileReference; fileEncoding = 4; lastKnownFileType = sourcecode.c.objc; path = Award.m; sourceTree = "<group>"; };
		556E594014C8A953000C4CBC /* AwardDetailViewController.h */ = {isa = PBXFileReference; fileEncoding = 4; lastKnownFileType = sourcecode.c.h; path = AwardDetailViewController.h; sourceTree = "<group>"; };
		556E594114C8A953000C4CBC /* AwardDetailViewController.m */ = {isa = PBXFileReference; fileEncoding = 4; lastKnownFileType = sourcecode.c.objc; path = AwardDetailViewController.m; sourceTree = "<group>"; };
		556E594214C8A953000C4CBC /* AwardDetailViewController.xib */ = {isa = PBXFileReference; fileEncoding = 4; lastKnownFileType = file.xib; path = AwardDetailViewController.xib; sourceTree = "<group>"; };
		556E594514C8A974000C4CBC /* NewAwardViewController.h */ = {isa = PBXFileReference; fileEncoding = 4; lastKnownFileType = sourcecode.c.h; path = NewAwardViewController.h; sourceTree = "<group>"; };
		556E594614C8A974000C4CBC /* NewAwardViewController.m */ = {isa = PBXFileReference; fileEncoding = 4; lastKnownFileType = sourcecode.c.objc; path = NewAwardViewController.m; sourceTree = "<group>"; };
		557B7AFF14CCE78A0057FE42 /* DAlertView.h */ = {isa = PBXFileReference; fileEncoding = 4; lastKnownFileType = sourcecode.c.h; path = DAlertView.h; sourceTree = "<group>"; };
		557B7B0014CCE78A0057FE42 /* DAlertView.m */ = {isa = PBXFileReference; fileEncoding = 4; lastKnownFileType = sourcecode.c.objc; path = DAlertView.m; sourceTree = "<group>"; };
		5588721D14D4B6A300F59F87 /* edit-image-overlay.png */ = {isa = PBXFileReference; lastKnownFileType = image.png; path = "edit-image-overlay.png"; sourceTree = "<group>"; };
		5588722014D4B7A900F59F87 /* blank-image-overlay.png */ = {isa = PBXFileReference; lastKnownFileType = image.png; path = "blank-image-overlay.png"; sourceTree = "<group>"; };
		5591513414BF5F2800F1C01E /* DLPoint.h */ = {isa = PBXFileReference; fileEncoding = 4; lastKnownFileType = sourcecode.c.h; path = DLPoint.h; sourceTree = "<group>"; };
		5591513514BF5F2800F1C01E /* DLPoint.m */ = {isa = PBXFileReference; fileEncoding = 4; lastKnownFileType = sourcecode.c.objc; path = DLPoint.m; sourceTree = "<group>"; };
		5591513A14BF9F6F00F1C01E /* Definitions.h */ = {isa = PBXFileReference; fileEncoding = 4; lastKnownFileType = sourcecode.c.h; path = Definitions.h; sourceTree = "<group>"; };
		559E461614CF584D0055D52C /* Photo.h */ = {isa = PBXFileReference; fileEncoding = 4; lastKnownFileType = sourcecode.c.h; path = Photo.h; sourceTree = "<group>"; };
		559E461714CF584D0055D52C /* Photo.m */ = {isa = PBXFileReference; fileEncoding = 4; lastKnownFileType = sourcecode.c.objc; path = Photo.m; sourceTree = "<group>"; };
		559E461A14CF58D40055D52C /* ImageToDataTransformer.h */ = {isa = PBXFileReference; fileEncoding = 4; lastKnownFileType = sourcecode.c.h; path = ImageToDataTransformer.h; sourceTree = "<group>"; };
		559E461B14CF58D40055D52C /* ImageToDataTransformer.m */ = {isa = PBXFileReference; fileEncoding = 4; lastKnownFileType = sourcecode.c.objc; path = ImageToDataTransformer.m; sourceTree = "<group>"; };
		559E461D14CF7B8F0055D52C /* EditableImageAndTextCell.h */ = {isa = PBXFileReference; fileEncoding = 4; lastKnownFileType = sourcecode.c.h; path = EditableImageAndTextCell.h; sourceTree = "<group>"; };
		559E461E14CF7B8F0055D52C /* EditableImageAndTextCell.m */ = {isa = PBXFileReference; fileEncoding = 4; lastKnownFileType = sourcecode.c.objc; path = EditableImageAndTextCell.m; sourceTree = "<group>"; };
		559E462014CF7BB70055D52C /* EditableImageAndTextCell.xib */ = {isa = PBXFileReference; fileEncoding = 4; lastKnownFileType = file.xib; path = EditableImageAndTextCell.xib; sourceTree = "<group>"; };
		55A99E9214A949FA00836F4E /* Titlz.app */ = {isa = PBXFileReference; explicitFileType = wrapper.application; includeInIndex = 0; path = Titlz.app; sourceTree = BUILT_PRODUCTS_DIR; };
		55A99E9614A949FA00836F4E /* UIKit.framework */ = {isa = PBXFileReference; lastKnownFileType = wrapper.framework; name = UIKit.framework; path = System/Library/Frameworks/UIKit.framework; sourceTree = SDKROOT; };
		55A99E9814A949FA00836F4E /* Foundation.framework */ = {isa = PBXFileReference; lastKnownFileType = wrapper.framework; name = Foundation.framework; path = System/Library/Frameworks/Foundation.framework; sourceTree = SDKROOT; };
		55A99E9A14A949FA00836F4E /* CoreGraphics.framework */ = {isa = PBXFileReference; lastKnownFileType = wrapper.framework; name = CoreGraphics.framework; path = System/Library/Frameworks/CoreGraphics.framework; sourceTree = SDKROOT; };
		55A99E9C14A949FA00836F4E /* CoreData.framework */ = {isa = PBXFileReference; lastKnownFileType = wrapper.framework; name = CoreData.framework; path = System/Library/Frameworks/CoreData.framework; sourceTree = SDKROOT; };
		55A99EA014A949FA00836F4E /* Titlz-Info.plist */ = {isa = PBXFileReference; lastKnownFileType = text.plist.xml; path = "Titlz-Info.plist"; sourceTree = "<group>"; };
		55A99EA214A949FA00836F4E /* en */ = {isa = PBXFileReference; lastKnownFileType = text.plist.strings; name = en; path = en.lproj/InfoPlist.strings; sourceTree = "<group>"; };
		55A99EA414A949FA00836F4E /* main.m */ = {isa = PBXFileReference; lastKnownFileType = sourcecode.c.objc; path = main.m; sourceTree = "<group>"; };
		55A99EA614A949FA00836F4E /* Titlz-Prefix.pch */ = {isa = PBXFileReference; lastKnownFileType = sourcecode.c.h; path = "Titlz-Prefix.pch"; sourceTree = "<group>"; };
		55A99EA714A949FA00836F4E /* AppDelegate.h */ = {isa = PBXFileReference; lastKnownFileType = sourcecode.c.h; path = AppDelegate.h; sourceTree = "<group>"; };
		55A99EA814A949FA00836F4E /* AppDelegate.m */ = {isa = PBXFileReference; lastKnownFileType = sourcecode.c.objc; path = AppDelegate.m; sourceTree = "<group>"; };
		55A99EAB14A949FA00836F4E /* Titlz.xcdatamodel */ = {isa = PBXFileReference; lastKnownFileType = wrapper.xcdatamodel; path = Titlz.xcdatamodel; sourceTree = "<group>"; };
		55B5C4C314C73F8B0022B33D /* LookupViewController.h */ = {isa = PBXFileReference; fileEncoding = 4; lastKnownFileType = sourcecode.c.h; path = LookupViewController.h; sourceTree = "<group>"; };
		55B5C4C414C73F8B0022B33D /* LookupViewController.m */ = {isa = PBXFileReference; fileEncoding = 4; lastKnownFileType = sourcecode.c.objc; path = LookupViewController.m; sourceTree = "<group>"; };
		55B5C4C514C73F8B0022B33D /* LookupViewController.xib */ = {isa = PBXFileReference; fileEncoding = 4; lastKnownFileType = file.xib; path = LookupViewController.xib; sourceTree = "<group>"; };
		55B5C4C814C745740022B33D /* Lookup.h */ = {isa = PBXFileReference; fileEncoding = 4; lastKnownFileType = sourcecode.c.h; path = Lookup.h; sourceTree = "<group>"; };
		55B5C4C914C745740022B33D /* Lookup.m */ = {isa = PBXFileReference; fileEncoding = 4; lastKnownFileType = sourcecode.c.objc; path = Lookup.m; sourceTree = "<group>"; };
		55B5C4CB14C749890022B33D /* NewLookupViewController.h */ = {isa = PBXFileReference; fileEncoding = 4; lastKnownFileType = sourcecode.c.h; path = NewLookupViewController.h; sourceTree = "<group>"; };
		55B5C4CC14C749890022B33D /* NewLookupViewController.m */ = {isa = PBXFileReference; fileEncoding = 4; lastKnownFileType = sourcecode.c.objc; path = NewLookupViewController.m; sourceTree = "<group>"; };
		55B5C4CF14C797DE0022B33D /* SellerViewController.h */ = {isa = PBXFileReference; fileEncoding = 4; lastKnownFileType = sourcecode.c.h; path = SellerViewController.h; sourceTree = "<group>"; };
		55B5C4D014C797DE0022B33D /* SellerViewController.m */ = {isa = PBXFileReference; fileEncoding = 4; lastKnownFileType = sourcecode.c.objc; path = SellerViewController.m; sourceTree = "<group>"; };
		55B5C4D114C797DE0022B33D /* SellerViewController.xib */ = {isa = PBXFileReference; fileEncoding = 4; lastKnownFileType = file.xib; path = SellerViewController.xib; sourceTree = "<group>"; };
		55B5C4D414C798960022B33D /* SellerDetailViewController.h */ = {isa = PBXFileReference; fileEncoding = 4; lastKnownFileType = sourcecode.c.h; path = SellerDetailViewController.h; sourceTree = "<group>"; };
		55B5C4D514C798960022B33D /* SellerDetailViewController.m */ = {isa = PBXFileReference; fileEncoding = 4; lastKnownFileType = sourcecode.c.objc; path = SellerDetailViewController.m; sourceTree = "<group>"; };
		55B5C4D614C798960022B33D /* SellerDetailViewController.xib */ = {isa = PBXFileReference; fileEncoding = 4; lastKnownFileType = file.xib; path = SellerDetailViewController.xib; sourceTree = "<group>"; };
		55B5C4D914C798B70022B33D /* NewSellerViewController.h */ = {isa = PBXFileReference; fileEncoding = 4; lastKnownFileType = sourcecode.c.h; path = NewSellerViewController.h; sourceTree = "<group>"; };
		55B5C4DA14C798B70022B33D /* NewSellerViewController.m */ = {isa = PBXFileReference; fileEncoding = 4; lastKnownFileType = sourcecode.c.objc; path = NewSellerViewController.m; sourceTree = "<group>"; };
		55B5C4DC14C799BF0022B33D /* Seller.h */ = {isa = PBXFileReference; fileEncoding = 4; lastKnownFileType = sourcecode.c.h; path = Seller.h; sourceTree = "<group>"; };
		55B5C4DD14C799BF0022B33D /* Seller.m */ = {isa = PBXFileReference; fileEncoding = 4; lastKnownFileType = sourcecode.c.objc; path = Seller.m; sourceTree = "<group>"; };
		55C123E214C0AB1700827F61 /* PublisherViewController.h */ = {isa = PBXFileReference; fileEncoding = 4; lastKnownFileType = sourcecode.c.h; path = PublisherViewController.h; sourceTree = "<group>"; };
		55C123E314C0AB1700827F61 /* PublisherViewController.m */ = {isa = PBXFileReference; fileEncoding = 4; lastKnownFileType = sourcecode.c.objc; path = PublisherViewController.m; sourceTree = "<group>"; };
		55C123E414C0AB1700827F61 /* PublisherViewController.xib */ = {isa = PBXFileReference; fileEncoding = 4; lastKnownFileType = file.xib; path = PublisherViewController.xib; sourceTree = "<group>"; };
		55C123E714C0B29D00827F61 /* PublisherDetailViewController.h */ = {isa = PBXFileReference; fileEncoding = 4; lastKnownFileType = sourcecode.c.h; path = PublisherDetailViewController.h; sourceTree = "<group>"; };
		55C123E814C0B29D00827F61 /* PublisherDetailViewController.m */ = {isa = PBXFileReference; fileEncoding = 4; lastKnownFileType = sourcecode.c.objc; path = PublisherDetailViewController.m; sourceTree = "<group>"; };
		55C123E914C0B29D00827F61 /* PublisherDetailViewController.xib */ = {isa = PBXFileReference; fileEncoding = 4; lastKnownFileType = file.xib; path = PublisherDetailViewController.xib; sourceTree = "<group>"; };
		55C123EC14C0B2DD00827F61 /* NewPublisherViewController.h */ = {isa = PBXFileReference; fileEncoding = 4; lastKnownFileType = sourcecode.c.h; path = NewPublisherViewController.h; sourceTree = "<group>"; };
		55C123ED14C0B2DD00827F61 /* NewPublisherViewController.m */ = {isa = PBXFileReference; fileEncoding = 4; lastKnownFileType = sourcecode.c.objc; path = NewPublisherViewController.m; sourceTree = "<group>"; };
		55CF1BAE14D70846008D5765 /* book.png */ = {isa = PBXFileReference; lastKnownFileType = image.png; path = book.png; sourceTree = "<group>"; };
		55CF1BAF14D70846008D5765 /* book@2x.png */ = {isa = PBXFileReference; lastKnownFileType = image.png; path = "book@2x.png"; sourceTree = "<group>"; };
		55CF1BB014D70846008D5765 /* collection.png */ = {isa = PBXFileReference; lastKnownFileType = image.png; path = collection.png; sourceTree = "<group>"; };
		55CF1BB114D70846008D5765 /* collection@2x.png */ = {isa = PBXFileReference; lastKnownFileType = image.png; path = "collection@2x.png"; sourceTree = "<group>"; };
		55CF1BB214D70846008D5765 /* user.png */ = {isa = PBXFileReference; lastKnownFileType = image.png; path = user.png; sourceTree = "<group>"; };
		55CF1BB314D70846008D5765 /* user@2x.png */ = {isa = PBXFileReference; lastKnownFileType = image.png; path = "user@2x.png"; sourceTree = "<group>"; };
		55CF1BBC14D7133C008D5765 /* CollectionViewController.h */ = {isa = PBXFileReference; fileEncoding = 4; lastKnownFileType = sourcecode.c.h; path = CollectionViewController.h; sourceTree = "<group>"; };
		55CF1BBD14D7133C008D5765 /* CollectionViewController.m */ = {isa = PBXFileReference; fileEncoding = 4; lastKnownFileType = sourcecode.c.objc; path = CollectionViewController.m; sourceTree = "<group>"; };
		55CF1BBE14D7133C008D5765 /* CollectionViewController.xib */ = {isa = PBXFileReference; fileEncoding = 4; lastKnownFileType = file.xib; path = CollectionViewController.xib; sourceTree = "<group>"; };
		55CF1BC114D71435008D5765 /* CollectionDetailViewController.h */ = {isa = PBXFileReference; fileEncoding = 4; lastKnownFileType = sourcecode.c.h; path = CollectionDetailViewController.h; sourceTree = "<group>"; };
		55CF1BC214D71435008D5765 /* CollectionDetailViewController.m */ = {isa = PBXFileReference; fileEncoding = 4; lastKnownFileType = sourcecode.c.objc; path = CollectionDetailViewController.m; sourceTree = "<group>"; };
		55CF1BC314D71435008D5765 /* CollectionDetailViewController.xib */ = {isa = PBXFileReference; fileEncoding = 4; lastKnownFileType = file.xib; path = CollectionDetailViewController.xib; sourceTree = "<group>"; };
		55CF1BC614D7146D008D5765 /* NewCollectionViewController.h */ = {isa = PBXFileReference; fileEncoding = 4; lastKnownFileType = sourcecode.c.h; path = NewCollectionViewController.h; sourceTree = "<group>"; };
		55CF1BC714D7146D008D5765 /* NewCollectionViewController.m */ = {isa = PBXFileReference; fileEncoding = 4; lastKnownFileType = sourcecode.c.objc; path = NewCollectionViewController.m; sourceTree = "<group>"; };
		55CF1BC914D715DA008D5765 /* Collection.h */ = {isa = PBXFileReference; fileEncoding = 4; lastKnownFileType = sourcecode.c.h; path = Collection.h; sourceTree = "<group>"; };
		55CF1BCA14D715DA008D5765 /* Collection.m */ = {isa = PBXFileReference; fileEncoding = 4; lastKnownFileType = sourcecode.c.objc; path = Collection.m; sourceTree = "<group>"; };
		55D4A74914B55BED00BAA15E /* PersonViewController.h */ = {isa = PBXFileReference; fileEncoding = 4; lastKnownFileType = sourcecode.c.h; path = PersonViewController.h; sourceTree = "<group>"; };
		55D4A74A14B55BED00BAA15E /* PersonViewController.m */ = {isa = PBXFileReference; fileEncoding = 4; lastKnownFileType = sourcecode.c.objc; path = PersonViewController.m; sourceTree = "<group>"; };
		55D4A74B14B55BED00BAA15E /* PersonViewController.xib */ = {isa = PBXFileReference; fileEncoding = 4; lastKnownFileType = file.xib; path = PersonViewController.xib; sourceTree = "<group>"; };
		55D4A74E14B55CE700BAA15E /* NewPersonViewController.h */ = {isa = PBXFileReference; fileEncoding = 4; lastKnownFileType = sourcecode.c.h; path = NewPersonViewController.h; sourceTree = "<group>"; };
		55D4A74F14B55CE700BAA15E /* NewPersonViewController.m */ = {isa = PBXFileReference; fileEncoding = 4; lastKnownFileType = sourcecode.c.objc; path = NewPersonViewController.m; sourceTree = "<group>"; };
		55EB3C3B14B0CC1300721D42 /* DLog.h */ = {isa = PBXFileReference; fileEncoding = 4; lastKnownFileType = sourcecode.c.h; path = DLog.h; sourceTree = "<group>"; };
		55EB3C3C14B0CC1300721D42 /* DLog.m */ = {isa = PBXFileReference; fileEncoding = 4; lastKnownFileType = sourcecode.c.objc; path = DLog.m; sourceTree = "<group>"; };
		55EB3C3F14B13D1D00721D42 /* PersonDetailViewController.h */ = {isa = PBXFileReference; fileEncoding = 4; lastKnownFileType = sourcecode.c.h; path = PersonDetailViewController.h; sourceTree = "<group>"; };
		55EB3C4014B13D1D00721D42 /* PersonDetailViewController.m */ = {isa = PBXFileReference; fileEncoding = 4; lastKnownFileType = sourcecode.c.objc; path = PersonDetailViewController.m; sourceTree = "<group>"; };
		55EB3C4114B13D1D00721D42 /* PersonDetailViewController.xib */ = {isa = PBXFileReference; fileEncoding = 4; lastKnownFileType = file.xib; path = PersonDetailViewController.xib; sourceTree = "<group>"; };
		55EB3C4414B13E5600721D42 /* Person.h */ = {isa = PBXFileReference; fileEncoding = 4; lastKnownFileType = sourcecode.c.h; path = Person.h; sourceTree = "<group>"; };
		55EB3C4514B13E5600721D42 /* Person.m */ = {isa = PBXFileReference; fileEncoding = 4; lastKnownFileType = sourcecode.c.objc; path = Person.m; sourceTree = "<group>"; };
		55EDF6E414C4ABF600C4BCE5 /* en */ = {isa = PBXFileReference; lastKnownFileType = file.xib; name = en; path = en.lproj/BookDetailViewController.xib; sourceTree = "<group>"; };
		55EDF6E614C4ABF600C4BCE5 /* en */ = {isa = PBXFileReference; lastKnownFileType = file.xib; name = en; path = en.lproj/BookViewController.xib; sourceTree = "<group>"; };
		55EDF6E914C4AC1000C4BCE5 /* BookDetailViewController.h */ = {isa = PBXFileReference; fileEncoding = 4; lastKnownFileType = sourcecode.c.h; path = BookDetailViewController.h; sourceTree = "<group>"; };
		55EDF6EA14C4AC1000C4BCE5 /* BookDetailViewController.m */ = {isa = PBXFileReference; fileEncoding = 4; lastKnownFileType = sourcecode.c.objc; path = BookDetailViewController.m; sourceTree = "<group>"; };
		55EDF6EB14C4AC1000C4BCE5 /* BookViewController.h */ = {isa = PBXFileReference; fileEncoding = 4; lastKnownFileType = sourcecode.c.h; path = BookViewController.h; sourceTree = "<group>"; };
		55EDF6EC14C4AC1000C4BCE5 /* BookViewController.m */ = {isa = PBXFileReference; fileEncoding = 4; lastKnownFileType = sourcecode.c.objc; path = BookViewController.m; sourceTree = "<group>"; };
		55EDF6ED14C4AC1000C4BCE5 /* NewBookViewController.h */ = {isa = PBXFileReference; fileEncoding = 4; lastKnownFileType = sourcecode.c.h; path = NewBookViewController.h; sourceTree = "<group>"; };
		55EDF6EE14C4AC1000C4BCE5 /* NewBookViewController.m */ = {isa = PBXFileReference; fileEncoding = 4; lastKnownFileType = sourcecode.c.objc; path = NewBookViewController.m; sourceTree = "<group>"; };
		55EDF6F814C4B00B00C4BCE5 /* Book.h */ = {isa = PBXFileReference; fileEncoding = 4; lastKnownFileType = sourcecode.c.h; path = Book.h; sourceTree = "<group>"; };
		55EDF6F914C4B00B00C4BCE5 /* Book.m */ = {isa = PBXFileReference; fileEncoding = 4; lastKnownFileType = sourcecode.c.objc; path = Book.m; sourceTree = "<group>"; };
		55EDF6FB14C4B1F100C4BCE5 /* Publisher.h */ = {isa = PBXFileReference; fileEncoding = 4; lastKnownFileType = sourcecode.c.h; path = Publisher.h; sourceTree = "<group>"; };
		55EDF6FC14C4B1F100C4BCE5 /* Publisher.m */ = {isa = PBXFileReference; fileEncoding = 4; lastKnownFileType = sourcecode.c.objc; path = Publisher.m; sourceTree = "<group>"; };
		55EED62C14D2174F00AFA726 /* AlphaIndexFetchedResultsController.h */ = {isa = PBXFileReference; fileEncoding = 4; lastKnownFileType = sourcecode.c.h; path = AlphaIndexFetchedResultsController.h; sourceTree = "<group>"; };
		55EED62D14D2174F00AFA726 /* AlphaIndexFetchedResultsController.m */ = {isa = PBXFileReference; fileEncoding = 4; lastKnownFileType = sourcecode.c.objc; path = AlphaIndexFetchedResultsController.m; sourceTree = "<group>"; };
/* End PBXFileReference section */

/* Begin PBXFrameworksBuildPhase section */
		55A99E8F14A949FA00836F4E /* Frameworks */ = {
			isa = PBXFrameworksBuildPhase;
			buildActionMask = 2147483647;
			files = (
				55A99E9714A949FA00836F4E /* UIKit.framework in Frameworks */,
				55A99E9914A949FA00836F4E /* Foundation.framework in Frameworks */,
				55A99E9B14A949FA00836F4E /* CoreGraphics.framework in Frameworks */,
				55A99E9D14A949FA00836F4E /* CoreData.framework in Frameworks */,
			);
			runOnlyForDeploymentPostprocessing = 0;
		};
/* End PBXFrameworksBuildPhase section */

/* Begin PBXGroup section */
		5508605C14C91CBA0051DEA2 /* Point */ = {
			isa = PBXGroup;
			children = (
				5508605D14C91CF40051DEA2 /* PointDetailViewController.h */,
				5508605E14C91CF40051DEA2 /* PointDetailViewController.m */,
				5508606214C91D4B0051DEA2 /* NewPointViewController.h */,
				5508606314C91D4B0051DEA2 /* NewPointViewController.m */,
			);
			name = Point;
			sourceTree = "<group>";
		};
		550B680C14D0D9D80080115C /* Resources */ = {
			isa = PBXGroup;
			children = (
				55CF1BAE14D70846008D5765 /* book.png */,
				55CF1BAF14D70846008D5765 /* book@2x.png */,
				55CF1BB014D70846008D5765 /* collection.png */,
				55CF1BB114D70846008D5765 /* collection@2x.png */,
				55CF1BB214D70846008D5765 /* user.png */,
				55CF1BB314D70846008D5765 /* user@2x.png */,
				5588722014D4B7A900F59F87 /* blank-image-overlay.png */,
				5588721D14D4B6A300F59F87 /* edit-image-overlay.png */,
				550B680D14D0D9F90080115C /* BookCover-leather-large.jpg */,
			);
			name = Resources;
			sourceTree = "<group>";
		};
		5548F42614C9F704004C8BA8 /* Utility */ = {
			isa = PBXGroup;
			children = (
				5548F42814C9F800004C8BA8 /* ContextUtil.h */,
				5548F42914C9F800004C8BA8 /* ContextUtil.m */,
				55EB3C3B14B0CC1300721D42 /* DLog.h */,
				55EB3C3C14B0CC1300721D42 /* DLog.m */,
				557B7AFF14CCE78A0057FE42 /* DAlertView.h */,
				557B7B0014CCE78A0057FE42 /* DAlertView.m */,
				55EED62C14D2174F00AFA726 /* AlphaIndexFetchedResultsController.h */,
				55EED62D14D2174F00AFA726 /* AlphaIndexFetchedResultsController.m */,
			);
			name = Utility;
			sourceTree = "<group>";
		};
		5562329C14AAF1FA0099765E /* Entities */ = {
			isa = PBXGroup;
			children = (
				556E593714C8A898000C4CBC /* Award.h */,
				556E593814C8A898000C4CBC /* Award.m */,
				55EDF6F814C4B00B00C4BCE5 /* Book.h */,
				55EDF6F914C4B00B00C4BCE5 /* Book.m */,
				55CF1BC914D715DA008D5765 /* Collection.h */,
				55CF1BCA14D715DA008D5765 /* Collection.m */,
				5591513414BF5F2800F1C01E /* DLPoint.h */,
				5591513514BF5F2800F1C01E /* DLPoint.m */,
				55B5C4C814C745740022B33D /* Lookup.h */,
				55B5C4C914C745740022B33D /* Lookup.m */,
				55EB3C4414B13E5600721D42 /* Person.h */,
				55EB3C4514B13E5600721D42 /* Person.m */,
				559E461614CF584D0055D52C /* Photo.h */,
				559E461714CF584D0055D52C /* Photo.m */,
				55EDF6FB14C4B1F100C4BCE5 /* Publisher.h */,
				55EDF6FC14C4B1F100C4BCE5 /* Publisher.m */,
				55B5C4DC14C799BF0022B33D /* Seller.h */,
				55B5C4DD14C799BF0022B33D /* Seller.m */,
				559E461A14CF58D40055D52C /* ImageToDataTransformer.h */,
				559E461B14CF58D40055D52C /* ImageToDataTransformer.m */,
			);
			name = Entities;
			sourceTree = "<group>";
		};
		556E593A14C8A8F5000C4CBC /* Award */ = {
			isa = PBXGroup;
			children = (
				556E594014C8A953000C4CBC /* AwardDetailViewController.h */,
				556E594114C8A953000C4CBC /* AwardDetailViewController.m */,
				556E594514C8A974000C4CBC /* NewAwardViewController.h */,
				556E594614C8A974000C4CBC /* NewAwardViewController.m */,
			);
			name = Award;
			sourceTree = "<group>";
		};
		55A99E8714A949FA00836F4E = {
			isa = PBXGroup;
			children = (
				55A99E9E14A949FA00836F4E /* Titlz */,
				55A99E9514A949FA00836F4E /* Frameworks */,
				55A99E9314A949FA00836F4E /* Products */,
			);
			sourceTree = "<group>";
		};
		55A99E9314A949FA00836F4E /* Products */ = {
			isa = PBXGroup;
			children = (
				55A99E9214A949FA00836F4E /* Titlz.app */,
			);
			name = Products;
			sourceTree = "<group>";
		};
		55A99E9514A949FA00836F4E /* Frameworks */ = {
			isa = PBXGroup;
			children = (
				55A99E9614A949FA00836F4E /* UIKit.framework */,
				55A99E9814A949FA00836F4E /* Foundation.framework */,
				55A99E9A14A949FA00836F4E /* CoreGraphics.framework */,
				55A99E9C14A949FA00836F4E /* CoreData.framework */,
			);
			name = Frameworks;
			sourceTree = "<group>";
		};
		55A99E9E14A949FA00836F4E /* Titlz */ = {
			isa = PBXGroup;
			children = (
				55A99EC014A94A6C00836F4E /* Model */,
				5562329C14AAF1FA0099765E /* Entities */,
				55A99EBE14A94A3A00836F4E /* Classes */,
				55A99EBF14A94A4900836F4E /* Views */,
				550B680C14D0D9D80080115C /* Resources */,
				55A99E9F14A949FA00836F4E /* Supporting Files */,
			);
			path = Titlz;
			sourceTree = "<group>";
		};
		55A99E9F14A949FA00836F4E /* Supporting Files */ = {
			isa = PBXGroup;
			children = (
				55A99EA014A949FA00836F4E /* Titlz-Info.plist */,
				55A99EA114A949FA00836F4E /* InfoPlist.strings */,
				55A99EA414A949FA00836F4E /* main.m */,
				55A99EA614A949FA00836F4E /* Titlz-Prefix.pch */,
			);
			name = "Supporting Files";
			sourceTree = "<group>";
		};
		55A99EBE14A94A3A00836F4E /* Classes */ = {
			isa = PBXGroup;
			children = (
				556E593A14C8A8F5000C4CBC /* Award */,
				55C6968F14B2D25F00DA4172 /* Book */,
				55CF1BBB14D7130A008D5765 /* Collection */,
				55D4A74814B51C2700BAA15E /* Person */,
				5508605C14C91CBA0051DEA2 /* Point */,
				55C123E014C0AAD300827F61 /* Publisher */,
				55B5C4CE14C797A50022B33D /* Seller */,
				55B5C4C114C73DC30022B33D /* Lookup */,
				5548F42614C9F704004C8BA8 /* Utility */,
				5591513A14BF9F6F00F1C01E /* Definitions.h */,
				55A99EA714A949FA00836F4E /* AppDelegate.h */,
				55A99EA814A949FA00836F4E /* AppDelegate.m */,
				552C741A14AE926600595DE9 /* EditableTextCell.h */,
				552C741B14AE926600595DE9 /* EditableTextCell.m */,
				559E461D14CF7B8F0055D52C /* EditableImageAndTextCell.h */,
				559E461E14CF7B8F0055D52C /* EditableImageAndTextCell.m */,
			);
			name = Classes;
			sourceTree = "<group>";
		};
		55A99EBF14A94A4900836F4E /* Views */ = {
			isa = PBXGroup;
			children = (
				556E594214C8A953000C4CBC /* AwardDetailViewController.xib */,
				55EDF6E514C4ABF600C4BCE5 /* BookViewController.xib */,
				55EDF6E314C4ABF600C4BCE5 /* BookDetailViewController.xib */,
				55CF1BBE14D7133C008D5765 /* CollectionViewController.xib */,
				55CF1BC314D71435008D5765 /* CollectionDetailViewController.xib */,
				55B5C4C514C73F8B0022B33D /* LookupViewController.xib */,
				55D4A74B14B55BED00BAA15E /* PersonViewController.xib */,
				55EB3C4114B13D1D00721D42 /* PersonDetailViewController.xib */,
				5508605F14C91CF40051DEA2 /* PointDetailViewController.xib */,
				55C123E414C0AB1700827F61 /* PublisherViewController.xib */,
				55C123E914C0B29D00827F61 /* PublisherDetailViewController.xib */,
				55B5C4D114C797DE0022B33D /* SellerViewController.xib */,
				55B5C4D614C798960022B33D /* SellerDetailViewController.xib */,
				552C741714AE8EBB00595DE9 /* EditableTextCell.xib */,
				559E462014CF7BB70055D52C /* EditableImageAndTextCell.xib */,
			);
			name = Views;
			sourceTree = "<group>";
		};
		55A99EC014A94A6C00836F4E /* Model */ = {
			isa = PBXGroup;
			children = (
				55A99EAA14A949FA00836F4E /* Titlz.xcdatamodeld */,
			);
			name = Model;
			sourceTree = "<group>";
		};
		55B5C4C114C73DC30022B33D /* Lookup */ = {
			isa = PBXGroup;
			children = (
				55B5C4C314C73F8B0022B33D /* LookupViewController.h */,
				55B5C4C414C73F8B0022B33D /* LookupViewController.m */,
				55B5C4CB14C749890022B33D /* NewLookupViewController.h */,
				55B5C4CC14C749890022B33D /* NewLookupViewController.m */,
			);
			name = Lookup;
			sourceTree = "<group>";
		};
		55B5C4CE14C797A50022B33D /* Seller */ = {
			isa = PBXGroup;
			children = (
				55B5C4CF14C797DE0022B33D /* SellerViewController.h */,
				55B5C4D014C797DE0022B33D /* SellerViewController.m */,
				55B5C4D414C798960022B33D /* SellerDetailViewController.h */,
				55B5C4D514C798960022B33D /* SellerDetailViewController.m */,
				55B5C4D914C798B70022B33D /* NewSellerViewController.h */,
				55B5C4DA14C798B70022B33D /* NewSellerViewController.m */,
			);
			name = Seller;
			sourceTree = "<group>";
		};
		55C123E014C0AAD300827F61 /* Publisher */ = {
			isa = PBXGroup;
			children = (
				55C123E214C0AB1700827F61 /* PublisherViewController.h */,
				55C123E314C0AB1700827F61 /* PublisherViewController.m */,
				55C123E714C0B29D00827F61 /* PublisherDetailViewController.h */,
				55C123E814C0B29D00827F61 /* PublisherDetailViewController.m */,
				55C123EC14C0B2DD00827F61 /* NewPublisherViewController.h */,
				55C123ED14C0B2DD00827F61 /* NewPublisherViewController.m */,
			);
			name = Publisher;
			sourceTree = "<group>";
		};
		55C6968F14B2D25F00DA4172 /* Book */ = {
			isa = PBXGroup;
			children = (
				55EDF6EB14C4AC1000C4BCE5 /* BookViewController.h */,
				55EDF6EC14C4AC1000C4BCE5 /* BookViewController.m */,
				55EDF6E914C4AC1000C4BCE5 /* BookDetailViewController.h */,
				55EDF6EA14C4AC1000C4BCE5 /* BookDetailViewController.m */,
				55EDF6ED14C4AC1000C4BCE5 /* NewBookViewController.h */,
				55EDF6EE14C4AC1000C4BCE5 /* NewBookViewController.m */,
			);
			name = Book;
			sourceTree = "<group>";
		};
		55CF1BBB14D7130A008D5765 /* Collection */ = {
			isa = PBXGroup;
			children = (
				55CF1BBC14D7133C008D5765 /* CollectionViewController.h */,
				55CF1BBD14D7133C008D5765 /* CollectionViewController.m */,
				55CF1BC114D71435008D5765 /* CollectionDetailViewController.h */,
				55CF1BC214D71435008D5765 /* CollectionDetailViewController.m */,
				55CF1BC614D7146D008D5765 /* NewCollectionViewController.h */,
				55CF1BC714D7146D008D5765 /* NewCollectionViewController.m */,
			);
			name = Collection;
			sourceTree = "<group>";
		};
		55D4A74814B51C2700BAA15E /* Person */ = {
			isa = PBXGroup;
			children = (
				55D4A74914B55BED00BAA15E /* PersonViewController.h */,
				55D4A74A14B55BED00BAA15E /* PersonViewController.m */,
				55EB3C3F14B13D1D00721D42 /* PersonDetailViewController.h */,
				55EB3C4014B13D1D00721D42 /* PersonDetailViewController.m */,
				55D4A74E14B55CE700BAA15E /* NewPersonViewController.h */,
				55D4A74F14B55CE700BAA15E /* NewPersonViewController.m */,
			);
			name = Person;
			sourceTree = "<group>";
		};
/* End PBXGroup section */

/* Begin PBXNativeTarget section */
		55A99E9114A949FA00836F4E /* Titlz */ = {
			isa = PBXNativeTarget;
			buildConfigurationList = 55A99EBB14A949FA00836F4E /* Build configuration list for PBXNativeTarget "Titlz" */;
			buildPhases = (
				55A99E8E14A949FA00836F4E /* Sources */,
				55A99E8F14A949FA00836F4E /* Frameworks */,
				55A99E9014A949FA00836F4E /* Resources */,
			);
			buildRules = (
			);
			dependencies = (
			);
			name = Titlz;
			productName = Titlz;
			productReference = 55A99E9214A949FA00836F4E /* Titlz.app */;
			productType = "com.apple.product-type.application";
		};
/* End PBXNativeTarget section */

/* Begin PBXProject section */
		55A99E8914A949FA00836F4E /* Project object */ = {
			isa = PBXProject;
			attributes = {
				LastUpgradeCheck = 0420;
				ORGANIZATIONNAME = "Dagger Lake Software";
			};
			buildConfigurationList = 55A99E8C14A949FA00836F4E /* Build configuration list for PBXProject "Titlz" */;
			compatibilityVersion = "Xcode 3.2";
			developmentRegion = English;
			hasScannedForEncodings = 0;
			knownRegions = (
				en,
			);
			mainGroup = 55A99E8714A949FA00836F4E;
			productRefGroup = 55A99E9314A949FA00836F4E /* Products */;
			projectDirPath = "";
			projectRoot = "";
			targets = (
				55A99E9114A949FA00836F4E /* Titlz */,
			);
		};
/* End PBXProject section */

/* Begin PBXResourcesBuildPhase section */
		55A99E9014A949FA00836F4E /* Resources */ = {
			isa = PBXResourcesBuildPhase;
			buildActionMask = 2147483647;
			files = (
				55A99EA314A949FA00836F4E /* InfoPlist.strings in Resources */,
				552C741814AE8EBB00595DE9 /* EditableTextCell.xib in Resources */,
				55EB3C4314B13D1D00721D42 /* PersonDetailViewController.xib in Resources */,
				55D4A74D14B55BED00BAA15E /* PersonViewController.xib in Resources */,
				55C123E614C0AB1700827F61 /* PublisherViewController.xib in Resources */,
				55C123EB14C0B29D00827F61 /* PublisherDetailViewController.xib in Resources */,
				55EDF6E714C4ABF600C4BCE5 /* BookDetailViewController.xib in Resources */,
				55EDF6E814C4ABF600C4BCE5 /* BookViewController.xib in Resources */,
				55B5C4C714C73F8B0022B33D /* LookupViewController.xib in Resources */,
				55B5C4D314C797DE0022B33D /* SellerViewController.xib in Resources */,
				55B5C4D814C798960022B33D /* SellerDetailViewController.xib in Resources */,
				556E594414C8A953000C4CBC /* AwardDetailViewController.xib in Resources */,
				5508606114C91CF40051DEA2 /* PointDetailViewController.xib in Resources */,
				559E462114CF7BB70055D52C /* EditableImageAndTextCell.xib in Resources */,
				550B680E14D0D9F90080115C /* BookCover-leather-large.jpg in Resources */,
				5588721E14D4B6A300F59F87 /* edit-image-overlay.png in Resources */,
				5588722114D4B7A900F59F87 /* blank-image-overlay.png in Resources */,
				55CF1BB414D70846008D5765 /* book.png in Resources */,
				55CF1BB514D70846008D5765 /* book@2x.png in Resources */,
				55CF1BB614D70846008D5765 /* collection.png in Resources */,
				55CF1BB714D70846008D5765 /* collection@2x.png in Resources */,
				55CF1BB814D70846008D5765 /* user.png in Resources */,
				55CF1BB914D70846008D5765 /* user@2x.png in Resources */,
				55CF1BC014D7133C008D5765 /* CollectionViewController.xib in Resources */,
				55CF1BC514D71435008D5765 /* CollectionDetailViewController.xib in Resources */,
			);
			runOnlyForDeploymentPostprocessing = 0;
		};
/* End PBXResourcesBuildPhase section */

/* Begin PBXSourcesBuildPhase section */
		55A99E8E14A949FA00836F4E /* Sources */ = {
			isa = PBXSourcesBuildPhase;
			buildActionMask = 2147483647;
			files = (
				55A99EA514A949FA00836F4E /* main.m in Sources */,
				55A99EA914A949FA00836F4E /* AppDelegate.m in Sources */,
				55A99EAC14A949FA00836F4E /* Titlz.xcdatamodeld in Sources */,
				552C741C14AE926600595DE9 /* EditableTextCell.m in Sources */,
				55EB3C3D14B0CC1300721D42 /* DLog.m in Sources */,
				55EB3C4214B13D1D00721D42 /* PersonDetailViewController.m in Sources */,
				55EB3C4614B13E5600721D42 /* Person.m in Sources */,
				55D4A74C14B55BED00BAA15E /* PersonViewController.m in Sources */,
				55D4A75014B55CE700BAA15E /* NewPersonViewController.m in Sources */,
				5591513614BF5F2800F1C01E /* DLPoint.m in Sources */,
				55C123E514C0AB1700827F61 /* PublisherViewController.m in Sources */,
				55C123EA14C0B29D00827F61 /* PublisherDetailViewController.m in Sources */,
				55C123EE14C0B2DD00827F61 /* NewPublisherViewController.m in Sources */,
				55EDF6EF14C4AC1000C4BCE5 /* BookDetailViewController.m in Sources */,
				55EDF6F014C4AC1000C4BCE5 /* BookViewController.m in Sources */,
				55EDF6F114C4AC1000C4BCE5 /* NewBookViewController.m in Sources */,
				55EDF6FA14C4B00B00C4BCE5 /* Book.m in Sources */,
				55EDF6FD14C4B1F100C4BCE5 /* Publisher.m in Sources */,
				55B5C4C614C73F8B0022B33D /* LookupViewController.m in Sources */,
				55B5C4CA14C745740022B33D /* Lookup.m in Sources */,
				55B5C4CD14C749890022B33D /* NewLookupViewController.m in Sources */,
				55B5C4D214C797DE0022B33D /* SellerViewController.m in Sources */,
				55B5C4D714C798960022B33D /* SellerDetailViewController.m in Sources */,
				55B5C4DB14C798B70022B33D /* NewSellerViewController.m in Sources */,
				55B5C4DE14C799BF0022B33D /* Seller.m in Sources */,
				556E593914C8A898000C4CBC /* Award.m in Sources */,
				556E594314C8A953000C4CBC /* AwardDetailViewController.m in Sources */,
				556E594714C8A974000C4CBC /* NewAwardViewController.m in Sources */,
				5508606014C91CF40051DEA2 /* PointDetailViewController.m in Sources */,
				5508606414C91D4B0051DEA2 /* NewPointViewController.m in Sources */,
				5548F42A14C9F800004C8BA8 /* ContextUtil.m in Sources */,
				557B7B0114CCE78A0057FE42 /* DAlertView.m in Sources */,
				559E461814CF584D0055D52C /* Photo.m in Sources */,
				559E461C14CF58D40055D52C /* ImageToDataTransformer.m in Sources */,
				559E461F14CF7B8F0055D52C /* EditableImageAndTextCell.m in Sources */,
				55EED62E14D2174F00AFA726 /* AlphaIndexFetchedResultsController.m in Sources */,
				55CF1BBF14D7133C008D5765 /* CollectionViewController.m in Sources */,
				55CF1BC414D71435008D5765 /* CollectionDetailViewController.m in Sources */,
				55CF1BC814D7146D008D5765 /* NewCollectionViewController.m in Sources */,
				55CF1BCB14D715DA008D5765 /* Collection.m in Sources */,
			);
			runOnlyForDeploymentPostprocessing = 0;
		};
/* End PBXSourcesBuildPhase section */

/* Begin PBXVariantGroup section */
		55A99EA114A949FA00836F4E /* InfoPlist.strings */ = {
			isa = PBXVariantGroup;
			children = (
				55A99EA214A949FA00836F4E /* en */,
			);
			name = InfoPlist.strings;
			sourceTree = "<group>";
		};
		55EDF6E314C4ABF600C4BCE5 /* BookDetailViewController.xib */ = {
			isa = PBXVariantGroup;
			children = (
				55EDF6E414C4ABF600C4BCE5 /* en */,
			);
			name = BookDetailViewController.xib;
			sourceTree = "<group>";
		};
		55EDF6E514C4ABF600C4BCE5 /* BookViewController.xib */ = {
			isa = PBXVariantGroup;
			children = (
				55EDF6E614C4ABF600C4BCE5 /* en */,
			);
			name = BookViewController.xib;
			sourceTree = "<group>";
		};
/* End PBXVariantGroup section */

/* Begin XCBuildConfiguration section */
		55A99EB914A949FA00836F4E /* Debug */ = {
			isa = XCBuildConfiguration;
			buildSettings = {
				ALWAYS_SEARCH_USER_PATHS = NO;
				ARCHS = "$(ARCHS_STANDARD_32_BIT)";
				CLANG_ENABLE_OBJC_ARC = YES;
				"CODE_SIGN_IDENTITY[sdk=iphoneos*]" = "iPhone Developer";
				COPY_PHASE_STRIP = NO;
				GCC_C_LANGUAGE_STANDARD = gnu99;
				GCC_DYNAMIC_NO_PIC = NO;
				GCC_OPTIMIZATION_LEVEL = 0;
				GCC_PREPROCESSOR_DEFINITIONS = (
					"DEBUG=1",
					"$(inherited)",
				);
				"GCC_PREPROCESSOR_DEFINITIONS[sdk=iphonesimulator*][arch=*]" = "DLDEBUG=1";
				GCC_SYMBOLS_PRIVATE_EXTERN = NO;
				GCC_VERSION = com.apple.compilers.llvm.clang.1_0;
				GCC_WARN_ABOUT_MISSING_PROTOTYPES = YES;
				GCC_WARN_ABOUT_RETURN_TYPE = YES;
				GCC_WARN_UNUSED_VARIABLE = YES;
				IPHONEOS_DEPLOYMENT_TARGET = 5.0;
				SDKROOT = iphoneos;
			};
			name = Debug;
		};
		55A99EBA14A949FA00836F4E /* Release */ = {
			isa = XCBuildConfiguration;
			buildSettings = {
				ALWAYS_SEARCH_USER_PATHS = NO;
				ARCHS = "$(ARCHS_STANDARD_32_BIT)";
				CLANG_ENABLE_OBJC_ARC = YES;
				"CODE_SIGN_IDENTITY[sdk=iphoneos*]" = "iPhone Developer";
				COPY_PHASE_STRIP = YES;
				GCC_C_LANGUAGE_STANDARD = gnu99;
				GCC_VERSION = com.apple.compilers.llvm.clang.1_0;
				GCC_WARN_ABOUT_MISSING_PROTOTYPES = YES;
				GCC_WARN_ABOUT_RETURN_TYPE = YES;
				GCC_WARN_UNUSED_VARIABLE = YES;
				IPHONEOS_DEPLOYMENT_TARGET = 5.0;
				OTHER_CFLAGS = "-DNS_BLOCK_ASSERTIONS=1";
				SDKROOT = iphoneos;
				VALIDATE_PRODUCT = YES;
			};
			name = Release;
		};
		55A99EBC14A949FA00836F4E /* Debug */ = {
			isa = XCBuildConfiguration;
			buildSettings = {
				GCC_PRECOMPILE_PREFIX_HEADER = YES;
				GCC_PREFIX_HEADER = "Titlz/Titlz-Prefix.pch";
				INFOPLIST_FILE = "Titlz/Titlz-Info.plist";
				PRODUCT_NAME = "$(TARGET_NAME)";
				WRAPPER_EXTENSION = app;
			};
			name = Debug;
		};
		55A99EBD14A949FA00836F4E /* Release */ = {
			isa = XCBuildConfiguration;
			buildSettings = {
				GCC_PRECOMPILE_PREFIX_HEADER = YES;
				GCC_PREFIX_HEADER = "Titlz/Titlz-Prefix.pch";
				INFOPLIST_FILE = "Titlz/Titlz-Info.plist";
				PRODUCT_NAME = "$(TARGET_NAME)";
				WRAPPER_EXTENSION = app;
			};
			name = Release;
		};
/* End XCBuildConfiguration section */

/* Begin XCConfigurationList section */
		55A99E8C14A949FA00836F4E /* Build configuration list for PBXProject "Titlz" */ = {
			isa = XCConfigurationList;
			buildConfigurations = (
				55A99EB914A949FA00836F4E /* Debug */,
				55A99EBA14A949FA00836F4E /* Release */,
			);
			defaultConfigurationIsVisible = 0;
			defaultConfigurationName = Release;
		};
		55A99EBB14A949FA00836F4E /* Build configuration list for PBXNativeTarget "Titlz" */ = {
			isa = XCConfigurationList;
			buildConfigurations = (
				55A99EBC14A949FA00836F4E /* Debug */,
				55A99EBD14A949FA00836F4E /* Release */,
			);
			defaultConfigurationIsVisible = 0;
			defaultConfigurationName = Release;
		};
/* End XCConfigurationList section */

/* Begin XCVersionGroup section */
		55A99EAA14A949FA00836F4E /* Titlz.xcdatamodeld */ = {
			isa = XCVersionGroup;
			children = (
				55A99EAB14A949FA00836F4E /* Titlz.xcdatamodel */,
			);
			currentVersion = 55A99EAB14A949FA00836F4E /* Titlz.xcdatamodel */;
			path = Titlz.xcdatamodeld;
			sourceTree = "<group>";
			versionGroupType = wrapper.xcdatamodel;
		};
/* End XCVersionGroup section */
	};
	rootObject = 55A99E8914A949FA00836F4E /* Project object */;
}
